
Microsoft Visual Studio Solution File, Format Version 12.00
# Visual Studio Version 17
VisualStudioVersion = 17.13.35919.96
MinimumVisualStudioVersion = 10.0.40219.1
Project("{8BC9CEB8-8B4A-11D0-8D11-00A0C91BC942}") = "Quest", "Quest\Quest.vcxproj", "{796FF089-38EA-48CF-ADE9-6D778A6B94FC}"
EndProject
Project("{8BC9CEB8-8B4A-11D0-8D11-00A0C91BC942}") = "Quest1", "Quest1\Quest1.vcxproj", "{6A1C42D5-DBE9-478B-A1E5-6BD0F032974E}"
EndProject
Project("{8BC9CEB8-8B4A-11D0-8D11-00A0C91BC942}") = "Quest2", "Quest2\Quest2.vcxproj", "{1D3485C7-E943-4F80-822A-9A0773B00F9A}"
EndProject
Project("{8BC9CEB8-8B4A-11D0-8D11-00A0C91BC942}") = "Quest3", "Quest3\Quest3.vcxproj", "{030A9E71-5C04-4458-B06F-DB13BD4EC3D0}"
EndProject
Project("{8BC9CEB8-8B4A-11D0-8D11-00A0C91BC942}") = "Quest_12_1", "Quest_12_1\Quest_12_1.vcxproj", "{F8644944-82DB-40B2-8473-F52F8B97BA34}"
EndProject
Project("{8BC9CEB8-8B4A-11D0-8D11-00A0C91BC942}") = "Quest_12_2", "Quest_12_2\Quest_12_2.vcxproj", "{2C87852D-82E9-4897-B9BD-CD4ED96D5ECE}"
EndProject
Project("{8BC9CEB8-8B4A-11D0-8D11-00A0C91BC942}") = "Quest_12_3", "Quest_12_3\Quest_12_3.vcxproj", "{BDBE99E7-36C8-426A-A8EF-B2FC014DE9F5}"
EndProject
Project("{8BC9CEB8-8B4A-11D0-8D11-00A0C91BC942}") = "Quest_12_4", "Quest_12_4\Quest_12_4.vcxproj", "{3FEA3EFD-B29C-4B34-81B3-307967A2841A}"
EndProject
Project("{8BC9CEB8-8B4A-11D0-8D11-00A0C91BC942}") = "Quest_13_1", "Quest_13_1\Quest_13_1.vcxproj", "{AAF44543-3390-49CB-BB3E-757E77825DF2}"
EndProject
Project("{8BC9CEB8-8B4A-11D0-8D11-00A0C91BC942}") = "Quest_13_2", "Quest_13_2\Quest_13_2.vcxproj", "{6E54BC97-DFAF-402F-A436-694BBB47B544}"
EndProject
Project("{8BC9CEB8-8B4A-11D0-8D11-00A0C91BC942}") = "Quest_13_3", "Quest_13_3\Quest_13_3.vcxproj", "{24F2ABE2-9762-4C1C-B608-F5D3F5439977}"
EndProject
Project("{8BC9CEB8-8B4A-11D0-8D11-00A0C91BC942}") = "Quest_14_1", "Quest_14_1\Quest_14_1.vcxproj", "{178C29BC-5AF1-4FD2-AD40-FD25840AB122}"
EndProject
Project("{8BC9CEB8-8B4A-11D0-8D11-00A0C91BC942}") = "Quest_14_2", "Quest_14_2\Quest_14_2.vcxproj", "{86601A66-F040-40ED-AF41-9D0DCFF7AD09}"
EndProject
Project("{8BC9CEB8-8B4A-11D0-8D11-00A0C91BC942}") = "Quest_14_3", "Quest_14_3\Quest_14_3.vcxproj", "{4C13266A-7AFE-4A27-8F42-AAA477ABF19A}"
EndProject
Project("{8BC9CEB8-8B4A-11D0-8D11-00A0C91BC942}") = "Quest_14_4", "Quest_14_4\Quest_14_4.vcxproj", "{A3118BB2-8900-4A02-8683-45EDF9951487}"
EndProject
Project("{8BC9CEB8-8B4A-11D0-8D11-00A0C91BC942}") = "Quest_14_5", "Quest_14_5\Quest_14_5.vcxproj", "{D9A892DE-9D19-4E6D-8575-7F698C1F9D35}"
EndProject
Project("{8BC9CEB8-8B4A-11D0-8D11-00A0C91BC942}") = "Quest_14_6", "Quest_14_6\Quest_14_6.vcxproj", "{6C9F6875-B9F4-4971-8ECD-B527EC0C70B1}"
EndProject
Project("{8BC9CEB8-8B4A-11D0-8D11-00A0C91BC942}") = "Quest_14_7", "Quest_14_7\Quest_14_7.vcxproj", "{6F409D03-683B-4E61-BCC3-6E144373374B}"
EndProject
Project("{8BC9CEB8-8B4A-11D0-8D11-00A0C91BC942}") = "Quest_14_8", "Quest_14_8\Quest_14_8.vcxproj", "{96AEB6B9-C897-4489-A9F4-977C57EF4256}"
EndProject
Project("{8BC9CEB8-8B4A-11D0-8D11-00A0C91BC942}") = "Quest_15_1", "Quest_15_1\Quest_15_1.vcxproj", "{19AF37B2-8458-4B07-9C98-84F30B13DB9C}"
EndProject
Project("{8BC9CEB8-8B4A-11D0-8D11-00A0C91BC942}") = "Quest_15_2", "Quest_15_2\Quest_15_2.vcxproj", "{539BCE8C-629D-4BD5-A8CD-3DCAE3A23F09}"
EndProject
Project("{8BC9CEB8-8B4A-11D0-8D11-00A0C91BC942}") = "Quest_15_3", "Quest_15_3\Quest_15_3.vcxproj", "{63A8548B-9849-4266-8A31-F9E7EDE9B697}"
EndProject
Project("{8BC9CEB8-8B4A-11D0-8D11-00A0C91BC942}") = "Quest_15_4", "Quest_15_4\Quest_15_4.vcxproj", "{39D1FA2A-1060-4AA9-8270-88B57E3090F2}"
EndProject
Project("{8BC9CEB8-8B4A-11D0-8D11-00A0C91BC942}") = "Quest_16_1", "Quest_16_1\Quest_16_1.vcxproj", "{D4E69D6F-5976-4C19-BC1C-78004BB668FE}"
EndProject
Project("{8BC9CEB8-8B4A-11D0-8D11-00A0C91BC942}") = "Quest_16_2", "Quest_16_2\Quest_16_2.vcxproj", "{B014F01A-9E12-4A9E-B6AE-6EC0E6232C9F}"
EndProject
Project("{8BC9CEB8-8B4A-11D0-8D11-00A0C91BC942}") = "Quest_16_3", "Quest_16_3\Quest_16_3.vcxproj", "{619570FA-6665-4B2C-9F27-BFEE20915BC9}"
EndProject
Project("{8BC9CEB8-8B4A-11D0-8D11-00A0C91BC942}") = "Quest_16_4", "Quest_16_4\Quest_16_4.vcxproj", "{074D47FB-3BBE-4282-A202-A8636CBEDF6E}"
EndProject
Project("{8BC9CEB8-8B4A-11D0-8D11-00A0C91BC942}") = "Quest_16_5", "Quest_16_5\Quest_16_5.vcxproj", "{75FC6B72-B537-4497-A7A1-694488390B3A}"
EndProject
Project("{8BC9CEB8-8B4A-11D0-8D11-00A0C91BC942}") = "Quest_17_1", "Quest_17_1\Quest_17_1.vcxproj", "{2EF52FD8-3BB1-4300-9C16-36BE7C132CC6}"
EndProject
Project("{8BC9CEB8-8B4A-11D0-8D11-00A0C91BC942}") = "Quest_17_2", "Quest_17_2\Quest_17_2.vcxproj", "{326BCF32-460C-4F70-AC58-96F780FDA29C}"
EndProject
Project("{8BC9CEB8-8B4A-11D0-8D11-00A0C91BC942}") = "Quest_17_3", "Quest_17_3\Quest_17_3.vcxproj", "{24B04D71-3161-44B6-A476-C49BE57AB8CE}"
EndProject
Project("{8BC9CEB8-8B4A-11D0-8D11-00A0C91BC942}") = "Quest_18_1", "Quest_18_1\Quest_18_1.vcxproj", "{5E63D083-D4D9-449A-ACF0-24C11FB890ED}"
EndProject
Project("{8BC9CEB8-8B4A-11D0-8D11-00A0C91BC942}") = "Quest_18_2", "Quest_18_2\Quest_18_2.vcxproj", "{51DDFD8C-1A1F-424E-A73E-E489911999A1}"
EndProject
Project("{8BC9CEB8-8B4A-11D0-8D11-00A0C91BC942}") = "Quest_18_3", "Quest_18_3\Quest_18_3.vcxproj", "{5CBE66F4-DE7C-4828-B993-04188F64BB29}"
EndProject
Project("{8BC9CEB8-8B4A-11D0-8D11-00A0C91BC942}") = "Quest_19_1", "Quest_19_1\Quest_19_1.vcxproj", "{C6069E33-944C-4E88-BA38-80841AE31352}"
EndProject
Project("{8BC9CEB8-8B4A-11D0-8D11-00A0C91BC942}") = "Quest_19_2", "Quest_19_2\Quest_19_2.vcxproj", "{86F6FFF2-0D16-444A-A4E2-923F6C229D7B}"
EndProject
Project("{8BC9CEB8-8B4A-11D0-8D11-00A0C91BC942}") = "Quest_19_3", "Quest_19_3\Quest_19_3.vcxproj", "{64F84C0D-3624-472B-86B3-D5A149BB214B}"
EndProject
Project("{8BC9CEB8-8B4A-11D0-8D11-00A0C91BC942}") = "Quest_19_4", "Quest_19_4\Quest_19_4.vcxproj", "{75BECD11-9270-40D7-BB94-3D61954E6BEE}"
EndProject
Project("{8BC9CEB8-8B4A-11D0-8D11-00A0C91BC942}") = "Quest_19_5", "Quest_19_5\Quest_19_5.vcxproj", "{6B71B01D-8963-4A19-9566-AD1697216AB6}"
EndProject
Project("{8BC9CEB8-8B4A-11D0-8D11-00A0C91BC942}") = "Quest_20_1", "Quest_20_1\Quest_20_1.vcxproj", "{FA3DC1B6-806D-4E13-B865-FF0F7C4DF7F3}"
EndProject
Project("{8BC9CEB8-8B4A-11D0-8D11-00A0C91BC942}") = "Quest_20_2", "Quest_20_2\Quest_20_2.vcxproj", "{F605D9A2-1A74-4D4F-B928-2A8412C6E67A}"
EndProject
Project("{8BC9CEB8-8B4A-11D0-8D11-00A0C91BC942}") = "Quest_20_3", "Quest_20_3\Quest_20_3.vcxproj", "{5B1DF347-9CA7-44F0-8B25-53BB14445EEC}"
EndProject
Project("{8BC9CEB8-8B4A-11D0-8D11-00A0C91BC942}") = "Quest_20_4", "Quest_20_4\Quest_20_4.vcxproj", "{773BD82C-47C5-47D5-900B-B436FA87A61A}"
EndProject
Project("{8BC9CEB8-8B4A-11D0-8D11-00A0C91BC942}") = "Quest_21_5_1", "Quest_21_5_1\Quest_21_5_1.vcxproj", "{678ECF6C-67B4-48F2-980E-5F57F68843F2}"
EndProject
Project("{8BC9CEB8-8B4A-11D0-8D11-00A0C91BC942}") = "Quest_21_5_2", "Quest_21_5_2\Quest_21_5_2.vcxproj", "{E8738A13-EBC6-4E70-8CD8-8E61A9E1F9F5}"
EndProject
Project("{8BC9CEB8-8B4A-11D0-8D11-00A0C91BC942}") = "Quest_21_5_3", "Quest_21_5_3\Quest_21_5_3.vcxproj", "{563F1FBE-B0F9-4D51-9876-A9EB27059E8F}"
EndProject
Project("{8BC9CEB8-8B4A-11D0-8D11-00A0C91BC942}") = "Quest_21_5_4", "Quest_21_5_4\Quest_21_5_4.vcxproj", "{D5556367-960A-4825-AFBB-4CB52B9C3F09}"
EndProject
Project("{8BC9CEB8-8B4A-11D0-8D11-00A0C91BC942}") = "Quest_22_1", "Quest_22_1\Quest_22_1.vcxproj", "{9328476B-18DE-4C45-A3CA-CB1ED2F2D99D}"
EndProject
Project("{8BC9CEB8-8B4A-11D0-8D11-00A0C91BC942}") = "Quest_22_2", "Quest_22_2\Quest_22_2.vcxproj", "{78C41CCA-D325-41BD-972C-480ACD19D360}"
EndProject
Project("{8BC9CEB8-8B4A-11D0-8D11-00A0C91BC942}") = "Quest_22_3", "Quest_22_3\Quest_22_3.vcxproj", "{11CCB4B9-E17C-4077-BC4F-EF4A158507B4}"
EndProject
Project("{8BC9CEB8-8B4A-11D0-8D11-00A0C91BC942}") = "Quest_23_1", "Quest_23_1\Quest_23_1.vcxproj", "{7DB7B5AE-77FB-4CCA-88A1-DC55029A58FC}"
EndProject
Project("{8BC9CEB8-8B4A-11D0-8D11-00A0C91BC942}") = "Quest_23_2", "Quest_23-2\Quest_23-2.vcxproj", "{275016E8-262E-4772-A238-7319618413C6}"
EndProject
Project("{8BC9CEB8-8B4A-11D0-8D11-00A0C91BC942}") = "Quest_23_3", "Quest_23_3\Quest_23_3.vcxproj", "{646142F0-5F66-438D-B84F-CBAD86D53B3C}"
EndProject
Project("{8BC9CEB8-8B4A-11D0-8D11-00A0C91BC942}") = "Quest_24_1", "Quest_24_1\Quest_24_1.vcxproj", "{2A03297D-F0A8-4EB7-9749-EC980363ECBD}"
EndProject
Project("{8BC9CEB8-8B4A-11D0-8D11-00A0C91BC942}") = "Quest_24_2", "Quest_24_2\Quest_24_2.vcxproj", "{03BBC1CA-E4D2-475E-82BA-726F78E8E26F}"
EndProject
Project("{8BC9CEB8-8B4A-11D0-8D11-00A0C91BC942}") = "Quest_24_3", "Quest_24_3\Quest_24_3.vcxproj", "{A96A8A77-7154-4777-9A8C-A93094AC40C3}"
EndProject
Project("{8BC9CEB8-8B4A-11D0-8D11-00A0C91BC942}") = "Quest_25_1", "Quest_25_1\Quest_25_1.vcxproj", "{10CBD535-622E-4CD1-B55C-F42FF0AA5A13}"
EndProject
Project("{8BC9CEB8-8B4A-11D0-8D11-00A0C91BC942}") = "Quest_25_2", "Quest_25_2\Quest_25_2.vcxproj", "{0CF534BA-8C06-4826-85C3-1206FEB7F56A}"
EndProject
Global
	GlobalSection(SolutionConfigurationPlatforms) = preSolution
		Debug|x64 = Debug|x64
		Debug|x86 = Debug|x86
		Release|x64 = Release|x64
		Release|x86 = Release|x86
	EndGlobalSection
	GlobalSection(ProjectConfigurationPlatforms) = postSolution
		{796FF089-38EA-48CF-ADE9-6D778A6B94FC}.Debug|x64.ActiveCfg = Debug|x64
		{796FF089-38EA-48CF-ADE9-6D778A6B94FC}.Debug|x64.Build.0 = Debug|x64
		{796FF089-38EA-48CF-ADE9-6D778A6B94FC}.Debug|x86.ActiveCfg = Debug|Win32
		{796FF089-38EA-48CF-ADE9-6D778A6B94FC}.Debug|x86.Build.0 = Debug|Win32
		{796FF089-38EA-48CF-ADE9-6D778A6B94FC}.Release|x64.ActiveCfg = Release|x64
		{796FF089-38EA-48CF-ADE9-6D778A6B94FC}.Release|x86.ActiveCfg = Release|Win32
		{796FF089-38EA-48CF-ADE9-6D778A6B94FC}.Release|x86.Build.0 = Release|Win32
		{6A1C42D5-DBE9-478B-A1E5-6BD0F032974E}.Debug|x64.ActiveCfg = Debug|x64
		{6A1C42D5-DBE9-478B-A1E5-6BD0F032974E}.Debug|x64.Build.0 = Debug|x64
		{6A1C42D5-DBE9-478B-A1E5-6BD0F032974E}.Debug|x86.ActiveCfg = Debug|Win32
		{6A1C42D5-DBE9-478B-A1E5-6BD0F032974E}.Debug|x86.Build.0 = Debug|Win32
		{6A1C42D5-DBE9-478B-A1E5-6BD0F032974E}.Release|x64.ActiveCfg = Release|x64
		{6A1C42D5-DBE9-478B-A1E5-6BD0F032974E}.Release|x64.Build.0 = Release|x64
		{6A1C42D5-DBE9-478B-A1E5-6BD0F032974E}.Release|x86.ActiveCfg = Release|Win32
		{6A1C42D5-DBE9-478B-A1E5-6BD0F032974E}.Release|x86.Build.0 = Release|Win32
		{1D3485C7-E943-4F80-822A-9A0773B00F9A}.Debug|x64.ActiveCfg = Debug|x64
		{1D3485C7-E943-4F80-822A-9A0773B00F9A}.Debug|x64.Build.0 = Debug|x64
		{1D3485C7-E943-4F80-822A-9A0773B00F9A}.Debug|x86.ActiveCfg = Debug|Win32
		{1D3485C7-E943-4F80-822A-9A0773B00F9A}.Debug|x86.Build.0 = Debug|Win32
		{1D3485C7-E943-4F80-822A-9A0773B00F9A}.Release|x64.ActiveCfg = Release|x64
		{1D3485C7-E943-4F80-822A-9A0773B00F9A}.Release|x64.Build.0 = Release|x64
		{1D3485C7-E943-4F80-822A-9A0773B00F9A}.Release|x86.ActiveCfg = Release|Win32
		{1D3485C7-E943-4F80-822A-9A0773B00F9A}.Release|x86.Build.0 = Release|Win32
		{030A9E71-5C04-4458-B06F-DB13BD4EC3D0}.Debug|x64.ActiveCfg = Debug|x64
		{030A9E71-5C04-4458-B06F-DB13BD4EC3D0}.Debug|x64.Build.0 = Debug|x64
		{030A9E71-5C04-4458-B06F-DB13BD4EC3D0}.Debug|x86.ActiveCfg = Debug|Win32
		{030A9E71-5C04-4458-B06F-DB13BD4EC3D0}.Debug|x86.Build.0 = Debug|Win32
		{030A9E71-5C04-4458-B06F-DB13BD4EC3D0}.Release|x64.ActiveCfg = Release|x64
		{030A9E71-5C04-4458-B06F-DB13BD4EC3D0}.Release|x64.Build.0 = Release|x64
		{030A9E71-5C04-4458-B06F-DB13BD4EC3D0}.Release|x86.ActiveCfg = Release|Win32
		{030A9E71-5C04-4458-B06F-DB13BD4EC3D0}.Release|x86.Build.0 = Release|Win32
		{F8644944-82DB-40B2-8473-F52F8B97BA34}.Debug|x64.ActiveCfg = Debug|x64
		{F8644944-82DB-40B2-8473-F52F8B97BA34}.Debug|x64.Build.0 = Debug|x64
		{F8644944-82DB-40B2-8473-F52F8B97BA34}.Debug|x86.ActiveCfg = Debug|Win32
		{F8644944-82DB-40B2-8473-F52F8B97BA34}.Debug|x86.Build.0 = Debug|Win32
		{F8644944-82DB-40B2-8473-F52F8B97BA34}.Release|x64.ActiveCfg = Release|x64
		{F8644944-82DB-40B2-8473-F52F8B97BA34}.Release|x64.Build.0 = Release|x64
		{F8644944-82DB-40B2-8473-F52F8B97BA34}.Release|x86.ActiveCfg = Release|Win32
		{F8644944-82DB-40B2-8473-F52F8B97BA34}.Release|x86.Build.0 = Release|Win32
		{2C87852D-82E9-4897-B9BD-CD4ED96D5ECE}.Debug|x64.ActiveCfg = Debug|x64
		{2C87852D-82E9-4897-B9BD-CD4ED96D5ECE}.Debug|x64.Build.0 = Debug|x64
		{2C87852D-82E9-4897-B9BD-CD4ED96D5ECE}.Debug|x86.ActiveCfg = Debug|Win32
		{2C87852D-82E9-4897-B9BD-CD4ED96D5ECE}.Debug|x86.Build.0 = Debug|Win32
		{2C87852D-82E9-4897-B9BD-CD4ED96D5ECE}.Release|x64.ActiveCfg = Release|x64
		{2C87852D-82E9-4897-B9BD-CD4ED96D5ECE}.Release|x64.Build.0 = Release|x64
		{2C87852D-82E9-4897-B9BD-CD4ED96D5ECE}.Release|x86.ActiveCfg = Release|Win32
		{2C87852D-82E9-4897-B9BD-CD4ED96D5ECE}.Release|x86.Build.0 = Release|Win32
		{BDBE99E7-36C8-426A-A8EF-B2FC014DE9F5}.Debug|x64.ActiveCfg = Debug|x64
		{BDBE99E7-36C8-426A-A8EF-B2FC014DE9F5}.Debug|x64.Build.0 = Debug|x64
		{BDBE99E7-36C8-426A-A8EF-B2FC014DE9F5}.Debug|x86.ActiveCfg = Debug|Win32
		{BDBE99E7-36C8-426A-A8EF-B2FC014DE9F5}.Debug|x86.Build.0 = Debug|Win32
		{BDBE99E7-36C8-426A-A8EF-B2FC014DE9F5}.Release|x64.ActiveCfg = Release|x64
		{BDBE99E7-36C8-426A-A8EF-B2FC014DE9F5}.Release|x64.Build.0 = Release|x64
		{BDBE99E7-36C8-426A-A8EF-B2FC014DE9F5}.Release|x86.ActiveCfg = Release|Win32
		{BDBE99E7-36C8-426A-A8EF-B2FC014DE9F5}.Release|x86.Build.0 = Release|Win32
		{3FEA3EFD-B29C-4B34-81B3-307967A2841A}.Debug|x64.ActiveCfg = Debug|x64
		{3FEA3EFD-B29C-4B34-81B3-307967A2841A}.Debug|x64.Build.0 = Debug|x64
		{3FEA3EFD-B29C-4B34-81B3-307967A2841A}.Debug|x86.ActiveCfg = Debug|Win32
		{3FEA3EFD-B29C-4B34-81B3-307967A2841A}.Debug|x86.Build.0 = Debug|Win32
		{3FEA3EFD-B29C-4B34-81B3-307967A2841A}.Release|x64.ActiveCfg = Release|x64
		{3FEA3EFD-B29C-4B34-81B3-307967A2841A}.Release|x64.Build.0 = Release|x64
		{3FEA3EFD-B29C-4B34-81B3-307967A2841A}.Release|x86.ActiveCfg = Release|Win32
		{3FEA3EFD-B29C-4B34-81B3-307967A2841A}.Release|x86.Build.0 = Release|Win32
		{AAF44543-3390-49CB-BB3E-757E77825DF2}.Debug|x64.ActiveCfg = Debug|x64
		{AAF44543-3390-49CB-BB3E-757E77825DF2}.Debug|x64.Build.0 = Debug|x64
		{AAF44543-3390-49CB-BB3E-757E77825DF2}.Debug|x86.ActiveCfg = Debug|Win32
		{AAF44543-3390-49CB-BB3E-757E77825DF2}.Debug|x86.Build.0 = Debug|Win32
		{AAF44543-3390-49CB-BB3E-757E77825DF2}.Release|x64.ActiveCfg = Release|x64
		{AAF44543-3390-49CB-BB3E-757E77825DF2}.Release|x64.Build.0 = Release|x64
		{AAF44543-3390-49CB-BB3E-757E77825DF2}.Release|x86.ActiveCfg = Release|Win32
		{AAF44543-3390-49CB-BB3E-757E77825DF2}.Release|x86.Build.0 = Release|Win32
		{6E54BC97-DFAF-402F-A436-694BBB47B544}.Debug|x64.ActiveCfg = Debug|x64
		{6E54BC97-DFAF-402F-A436-694BBB47B544}.Debug|x64.Build.0 = Debug|x64
		{6E54BC97-DFAF-402F-A436-694BBB47B544}.Debug|x86.ActiveCfg = Debug|Win32
		{6E54BC97-DFAF-402F-A436-694BBB47B544}.Debug|x86.Build.0 = Debug|Win32
		{6E54BC97-DFAF-402F-A436-694BBB47B544}.Release|x64.ActiveCfg = Release|x64
		{6E54BC97-DFAF-402F-A436-694BBB47B544}.Release|x64.Build.0 = Release|x64
		{6E54BC97-DFAF-402F-A436-694BBB47B544}.Release|x86.ActiveCfg = Release|Win32
		{6E54BC97-DFAF-402F-A436-694BBB47B544}.Release|x86.Build.0 = Release|Win32
		{24F2ABE2-9762-4C1C-B608-F5D3F5439977}.Debug|x64.ActiveCfg = Debug|x64
		{24F2ABE2-9762-4C1C-B608-F5D3F5439977}.Debug|x64.Build.0 = Debug|x64
		{24F2ABE2-9762-4C1C-B608-F5D3F5439977}.Debug|x86.ActiveCfg = Debug|Win32
		{24F2ABE2-9762-4C1C-B608-F5D3F5439977}.Debug|x86.Build.0 = Debug|Win32
		{24F2ABE2-9762-4C1C-B608-F5D3F5439977}.Release|x64.ActiveCfg = Release|x64
		{24F2ABE2-9762-4C1C-B608-F5D3F5439977}.Release|x64.Build.0 = Release|x64
		{24F2ABE2-9762-4C1C-B608-F5D3F5439977}.Release|x86.ActiveCfg = Release|Win32
		{24F2ABE2-9762-4C1C-B608-F5D3F5439977}.Release|x86.Build.0 = Release|Win32
		{178C29BC-5AF1-4FD2-AD40-FD25840AB122}.Debug|x64.ActiveCfg = Debug|x64
		{178C29BC-5AF1-4FD2-AD40-FD25840AB122}.Debug|x64.Build.0 = Debug|x64
		{178C29BC-5AF1-4FD2-AD40-FD25840AB122}.Debug|x86.ActiveCfg = Debug|Win32
		{178C29BC-5AF1-4FD2-AD40-FD25840AB122}.Debug|x86.Build.0 = Debug|Win32
		{178C29BC-5AF1-4FD2-AD40-FD25840AB122}.Release|x64.ActiveCfg = Release|x64
		{178C29BC-5AF1-4FD2-AD40-FD25840AB122}.Release|x64.Build.0 = Release|x64
		{178C29BC-5AF1-4FD2-AD40-FD25840AB122}.Release|x86.ActiveCfg = Release|Win32
		{178C29BC-5AF1-4FD2-AD40-FD25840AB122}.Release|x86.Build.0 = Release|Win32
		{86601A66-F040-40ED-AF41-9D0DCFF7AD09}.Debug|x64.ActiveCfg = Debug|x64
		{86601A66-F040-40ED-AF41-9D0DCFF7AD09}.Debug|x64.Build.0 = Debug|x64
		{86601A66-F040-40ED-AF41-9D0DCFF7AD09}.Debug|x86.ActiveCfg = Debug|Win32
		{86601A66-F040-40ED-AF41-9D0DCFF7AD09}.Debug|x86.Build.0 = Debug|Win32
		{86601A66-F040-40ED-AF41-9D0DCFF7AD09}.Release|x64.ActiveCfg = Release|x64
		{86601A66-F040-40ED-AF41-9D0DCFF7AD09}.Release|x64.Build.0 = Release|x64
		{86601A66-F040-40ED-AF41-9D0DCFF7AD09}.Release|x86.ActiveCfg = Release|Win32
		{86601A66-F040-40ED-AF41-9D0DCFF7AD09}.Release|x86.Build.0 = Release|Win32
		{4C13266A-7AFE-4A27-8F42-AAA477ABF19A}.Debug|x64.ActiveCfg = Debug|x64
		{4C13266A-7AFE-4A27-8F42-AAA477ABF19A}.Debug|x64.Build.0 = Debug|x64
		{4C13266A-7AFE-4A27-8F42-AAA477ABF19A}.Debug|x86.ActiveCfg = Debug|Win32
		{4C13266A-7AFE-4A27-8F42-AAA477ABF19A}.Debug|x86.Build.0 = Debug|Win32
		{4C13266A-7AFE-4A27-8F42-AAA477ABF19A}.Release|x64.ActiveCfg = Release|x64
		{4C13266A-7AFE-4A27-8F42-AAA477ABF19A}.Release|x64.Build.0 = Release|x64
		{4C13266A-7AFE-4A27-8F42-AAA477ABF19A}.Release|x86.ActiveCfg = Release|Win32
		{4C13266A-7AFE-4A27-8F42-AAA477ABF19A}.Release|x86.Build.0 = Release|Win32
		{A3118BB2-8900-4A02-8683-45EDF9951487}.Debug|x64.ActiveCfg = Debug|x64
		{A3118BB2-8900-4A02-8683-45EDF9951487}.Debug|x64.Build.0 = Debug|x64
		{A3118BB2-8900-4A02-8683-45EDF9951487}.Debug|x86.ActiveCfg = Debug|Win32
		{A3118BB2-8900-4A02-8683-45EDF9951487}.Debug|x86.Build.0 = Debug|Win32
		{A3118BB2-8900-4A02-8683-45EDF9951487}.Release|x64.ActiveCfg = Release|x64
		{A3118BB2-8900-4A02-8683-45EDF9951487}.Release|x64.Build.0 = Release|x64
		{A3118BB2-8900-4A02-8683-45EDF9951487}.Release|x86.ActiveCfg = Release|Win32
		{A3118BB2-8900-4A02-8683-45EDF9951487}.Release|x86.Build.0 = Release|Win32
		{D9A892DE-9D19-4E6D-8575-7F698C1F9D35}.Debug|x64.ActiveCfg = Debug|x64
		{D9A892DE-9D19-4E6D-8575-7F698C1F9D35}.Debug|x64.Build.0 = Debug|x64
		{D9A892DE-9D19-4E6D-8575-7F698C1F9D35}.Debug|x86.ActiveCfg = Debug|Win32
		{D9A892DE-9D19-4E6D-8575-7F698C1F9D35}.Debug|x86.Build.0 = Debug|Win32
		{D9A892DE-9D19-4E6D-8575-7F698C1F9D35}.Release|x64.ActiveCfg = Release|x64
		{D9A892DE-9D19-4E6D-8575-7F698C1F9D35}.Release|x64.Build.0 = Release|x64
		{D9A892DE-9D19-4E6D-8575-7F698C1F9D35}.Release|x86.ActiveCfg = Release|Win32
		{D9A892DE-9D19-4E6D-8575-7F698C1F9D35}.Release|x86.Build.0 = Release|Win32
		{6C9F6875-B9F4-4971-8ECD-B527EC0C70B1}.Debug|x64.ActiveCfg = Debug|x64
		{6C9F6875-B9F4-4971-8ECD-B527EC0C70B1}.Debug|x64.Build.0 = Debug|x64
		{6C9F6875-B9F4-4971-8ECD-B527EC0C70B1}.Debug|x86.ActiveCfg = Debug|Win32
		{6C9F6875-B9F4-4971-8ECD-B527EC0C70B1}.Debug|x86.Build.0 = Debug|Win32
		{6C9F6875-B9F4-4971-8ECD-B527EC0C70B1}.Release|x64.ActiveCfg = Release|x64
		{6C9F6875-B9F4-4971-8ECD-B527EC0C70B1}.Release|x64.Build.0 = Release|x64
		{6C9F6875-B9F4-4971-8ECD-B527EC0C70B1}.Release|x86.ActiveCfg = Release|Win32
		{6C9F6875-B9F4-4971-8ECD-B527EC0C70B1}.Release|x86.Build.0 = Release|Win32
		{6F409D03-683B-4E61-BCC3-6E144373374B}.Debug|x64.ActiveCfg = Debug|x64
		{6F409D03-683B-4E61-BCC3-6E144373374B}.Debug|x64.Build.0 = Debug|x64
		{6F409D03-683B-4E61-BCC3-6E144373374B}.Debug|x86.ActiveCfg = Debug|Win32
		{6F409D03-683B-4E61-BCC3-6E144373374B}.Debug|x86.Build.0 = Debug|Win32
		{6F409D03-683B-4E61-BCC3-6E144373374B}.Release|x64.ActiveCfg = Release|x64
		{6F409D03-683B-4E61-BCC3-6E144373374B}.Release|x64.Build.0 = Release|x64
		{6F409D03-683B-4E61-BCC3-6E144373374B}.Release|x86.ActiveCfg = Release|Win32
		{6F409D03-683B-4E61-BCC3-6E144373374B}.Release|x86.Build.0 = Release|Win32
		{96AEB6B9-C897-4489-A9F4-977C57EF4256}.Debug|x64.ActiveCfg = Debug|x64
		{96AEB6B9-C897-4489-A9F4-977C57EF4256}.Debug|x64.Build.0 = Debug|x64
		{96AEB6B9-C897-4489-A9F4-977C57EF4256}.Debug|x86.ActiveCfg = Debug|Win32
		{96AEB6B9-C897-4489-A9F4-977C57EF4256}.Debug|x86.Build.0 = Debug|Win32
		{96AEB6B9-C897-4489-A9F4-977C57EF4256}.Release|x64.ActiveCfg = Release|x64
		{96AEB6B9-C897-4489-A9F4-977C57EF4256}.Release|x64.Build.0 = Release|x64
		{96AEB6B9-C897-4489-A9F4-977C57EF4256}.Release|x86.ActiveCfg = Release|Win32
		{96AEB6B9-C897-4489-A9F4-977C57EF4256}.Release|x86.Build.0 = Release|Win32
		{19AF37B2-8458-4B07-9C98-84F30B13DB9C}.Debug|x64.ActiveCfg = Debug|x64
		{19AF37B2-8458-4B07-9C98-84F30B13DB9C}.Debug|x64.Build.0 = Debug|x64
		{19AF37B2-8458-4B07-9C98-84F30B13DB9C}.Debug|x86.ActiveCfg = Debug|Win32
		{19AF37B2-8458-4B07-9C98-84F30B13DB9C}.Debug|x86.Build.0 = Debug|Win32
		{19AF37B2-8458-4B07-9C98-84F30B13DB9C}.Release|x64.ActiveCfg = Release|x64
		{19AF37B2-8458-4B07-9C98-84F30B13DB9C}.Release|x64.Build.0 = Release|x64
		{19AF37B2-8458-4B07-9C98-84F30B13DB9C}.Release|x86.ActiveCfg = Release|Win32
		{19AF37B2-8458-4B07-9C98-84F30B13DB9C}.Release|x86.Build.0 = Release|Win32
		{539BCE8C-629D-4BD5-A8CD-3DCAE3A23F09}.Debug|x64.ActiveCfg = Debug|x64
		{539BCE8C-629D-4BD5-A8CD-3DCAE3A23F09}.Debug|x64.Build.0 = Debug|x64
		{539BCE8C-629D-4BD5-A8CD-3DCAE3A23F09}.Debug|x86.ActiveCfg = Debug|Win32
		{539BCE8C-629D-4BD5-A8CD-3DCAE3A23F09}.Debug|x86.Build.0 = Debug|Win32
		{539BCE8C-629D-4BD5-A8CD-3DCAE3A23F09}.Release|x64.ActiveCfg = Release|x64
		{539BCE8C-629D-4BD5-A8CD-3DCAE3A23F09}.Release|x64.Build.0 = Release|x64
		{539BCE8C-629D-4BD5-A8CD-3DCAE3A23F09}.Release|x86.ActiveCfg = Release|Win32
		{539BCE8C-629D-4BD5-A8CD-3DCAE3A23F09}.Release|x86.Build.0 = Release|Win32
		{63A8548B-9849-4266-8A31-F9E7EDE9B697}.Debug|x64.ActiveCfg = Debug|x64
		{63A8548B-9849-4266-8A31-F9E7EDE9B697}.Debug|x64.Build.0 = Debug|x64
		{63A8548B-9849-4266-8A31-F9E7EDE9B697}.Debug|x86.ActiveCfg = Debug|Win32
		{63A8548B-9849-4266-8A31-F9E7EDE9B697}.Debug|x86.Build.0 = Debug|Win32
		{63A8548B-9849-4266-8A31-F9E7EDE9B697}.Release|x64.ActiveCfg = Release|x64
		{63A8548B-9849-4266-8A31-F9E7EDE9B697}.Release|x64.Build.0 = Release|x64
		{63A8548B-9849-4266-8A31-F9E7EDE9B697}.Release|x86.ActiveCfg = Release|Win32
		{63A8548B-9849-4266-8A31-F9E7EDE9B697}.Release|x86.Build.0 = Release|Win32
		{39D1FA2A-1060-4AA9-8270-88B57E3090F2}.Debug|x64.ActiveCfg = Debug|x64
		{39D1FA2A-1060-4AA9-8270-88B57E3090F2}.Debug|x64.Build.0 = Debug|x64
		{39D1FA2A-1060-4AA9-8270-88B57E3090F2}.Debug|x86.ActiveCfg = Debug|Win32
		{39D1FA2A-1060-4AA9-8270-88B57E3090F2}.Debug|x86.Build.0 = Debug|Win32
		{39D1FA2A-1060-4AA9-8270-88B57E3090F2}.Release|x64.ActiveCfg = Release|x64
		{39D1FA2A-1060-4AA9-8270-88B57E3090F2}.Release|x64.Build.0 = Release|x64
		{39D1FA2A-1060-4AA9-8270-88B57E3090F2}.Release|x86.ActiveCfg = Release|Win32
		{39D1FA2A-1060-4AA9-8270-88B57E3090F2}.Release|x86.Build.0 = Release|Win32
		{D4E69D6F-5976-4C19-BC1C-78004BB668FE}.Debug|x64.ActiveCfg = Debug|x64
		{D4E69D6F-5976-4C19-BC1C-78004BB668FE}.Debug|x64.Build.0 = Debug|x64
		{D4E69D6F-5976-4C19-BC1C-78004BB668FE}.Debug|x86.ActiveCfg = Debug|Win32
		{D4E69D6F-5976-4C19-BC1C-78004BB668FE}.Debug|x86.Build.0 = Debug|Win32
		{D4E69D6F-5976-4C19-BC1C-78004BB668FE}.Release|x64.ActiveCfg = Release|x64
		{D4E69D6F-5976-4C19-BC1C-78004BB668FE}.Release|x64.Build.0 = Release|x64
		{D4E69D6F-5976-4C19-BC1C-78004BB668FE}.Release|x86.ActiveCfg = Release|Win32
		{D4E69D6F-5976-4C19-BC1C-78004BB668FE}.Release|x86.Build.0 = Release|Win32
		{B014F01A-9E12-4A9E-B6AE-6EC0E6232C9F}.Debug|x64.ActiveCfg = Debug|x64
		{B014F01A-9E12-4A9E-B6AE-6EC0E6232C9F}.Debug|x64.Build.0 = Debug|x64
		{B014F01A-9E12-4A9E-B6AE-6EC0E6232C9F}.Debug|x86.ActiveCfg = Debug|Win32
		{B014F01A-9E12-4A9E-B6AE-6EC0E6232C9F}.Debug|x86.Build.0 = Debug|Win32
		{B014F01A-9E12-4A9E-B6AE-6EC0E6232C9F}.Release|x64.ActiveCfg = Release|x64
		{B014F01A-9E12-4A9E-B6AE-6EC0E6232C9F}.Release|x64.Build.0 = Release|x64
		{B014F01A-9E12-4A9E-B6AE-6EC0E6232C9F}.Release|x86.ActiveCfg = Release|Win32
		{B014F01A-9E12-4A9E-B6AE-6EC0E6232C9F}.Release|x86.Build.0 = Release|Win32
		{619570FA-6665-4B2C-9F27-BFEE20915BC9}.Debug|x64.ActiveCfg = Debug|x64
		{619570FA-6665-4B2C-9F27-BFEE20915BC9}.Debug|x64.Build.0 = Debug|x64
		{619570FA-6665-4B2C-9F27-BFEE20915BC9}.Debug|x86.ActiveCfg = Debug|Win32
		{619570FA-6665-4B2C-9F27-BFEE20915BC9}.Debug|x86.Build.0 = Debug|Win32
		{619570FA-6665-4B2C-9F27-BFEE20915BC9}.Release|x64.ActiveCfg = Release|x64
		{619570FA-6665-4B2C-9F27-BFEE20915BC9}.Release|x64.Build.0 = Release|x64
		{619570FA-6665-4B2C-9F27-BFEE20915BC9}.Release|x86.ActiveCfg = Release|Win32
		{619570FA-6665-4B2C-9F27-BFEE20915BC9}.Release|x86.Build.0 = Release|Win32
		{074D47FB-3BBE-4282-A202-A8636CBEDF6E}.Debug|x64.ActiveCfg = Debug|x64
		{074D47FB-3BBE-4282-A202-A8636CBEDF6E}.Debug|x64.Build.0 = Debug|x64
		{074D47FB-3BBE-4282-A202-A8636CBEDF6E}.Debug|x86.ActiveCfg = Debug|Win32
		{074D47FB-3BBE-4282-A202-A8636CBEDF6E}.Debug|x86.Build.0 = Debug|Win32
		{074D47FB-3BBE-4282-A202-A8636CBEDF6E}.Release|x64.ActiveCfg = Release|x64
		{074D47FB-3BBE-4282-A202-A8636CBEDF6E}.Release|x64.Build.0 = Release|x64
		{074D47FB-3BBE-4282-A202-A8636CBEDF6E}.Release|x86.ActiveCfg = Release|Win32
		{074D47FB-3BBE-4282-A202-A8636CBEDF6E}.Release|x86.Build.0 = Release|Win32
		{75FC6B72-B537-4497-A7A1-694488390B3A}.Debug|x64.ActiveCfg = Debug|x64
		{75FC6B72-B537-4497-A7A1-694488390B3A}.Debug|x64.Build.0 = Debug|x64
		{75FC6B72-B537-4497-A7A1-694488390B3A}.Debug|x86.ActiveCfg = Debug|Win32
		{75FC6B72-B537-4497-A7A1-694488390B3A}.Debug|x86.Build.0 = Debug|Win32
		{75FC6B72-B537-4497-A7A1-694488390B3A}.Release|x64.ActiveCfg = Release|x64
		{75FC6B72-B537-4497-A7A1-694488390B3A}.Release|x64.Build.0 = Release|x64
		{75FC6B72-B537-4497-A7A1-694488390B3A}.Release|x86.ActiveCfg = Release|Win32
		{75FC6B72-B537-4497-A7A1-694488390B3A}.Release|x86.Build.0 = Release|Win32
		{2EF52FD8-3BB1-4300-9C16-36BE7C132CC6}.Debug|x64.ActiveCfg = Debug|x64
		{2EF52FD8-3BB1-4300-9C16-36BE7C132CC6}.Debug|x64.Build.0 = Debug|x64
		{2EF52FD8-3BB1-4300-9C16-36BE7C132CC6}.Debug|x86.ActiveCfg = Debug|Win32
		{2EF52FD8-3BB1-4300-9C16-36BE7C132CC6}.Debug|x86.Build.0 = Debug|Win32
		{2EF52FD8-3BB1-4300-9C16-36BE7C132CC6}.Release|x64.ActiveCfg = Release|x64
		{2EF52FD8-3BB1-4300-9C16-36BE7C132CC6}.Release|x64.Build.0 = Release|x64
		{2EF52FD8-3BB1-4300-9C16-36BE7C132CC6}.Release|x86.ActiveCfg = Release|Win32
		{2EF52FD8-3BB1-4300-9C16-36BE7C132CC6}.Release|x86.Build.0 = Release|Win32
		{326BCF32-460C-4F70-AC58-96F780FDA29C}.Debug|x64.ActiveCfg = Debug|x64
		{326BCF32-460C-4F70-AC58-96F780FDA29C}.Debug|x64.Build.0 = Debug|x64
		{326BCF32-460C-4F70-AC58-96F780FDA29C}.Debug|x86.ActiveCfg = Debug|Win32
		{326BCF32-460C-4F70-AC58-96F780FDA29C}.Debug|x86.Build.0 = Debug|Win32
		{326BCF32-460C-4F70-AC58-96F780FDA29C}.Release|x64.ActiveCfg = Release|x64
		{326BCF32-460C-4F70-AC58-96F780FDA29C}.Release|x64.Build.0 = Release|x64
		{326BCF32-460C-4F70-AC58-96F780FDA29C}.Release|x86.ActiveCfg = Release|Win32
		{326BCF32-460C-4F70-AC58-96F780FDA29C}.Release|x86.Build.0 = Release|Win32
		{24B04D71-3161-44B6-A476-C49BE57AB8CE}.Debug|x64.ActiveCfg = Debug|x64
		{24B04D71-3161-44B6-A476-C49BE57AB8CE}.Debug|x64.Build.0 = Debug|x64
		{24B04D71-3161-44B6-A476-C49BE57AB8CE}.Debug|x86.ActiveCfg = Debug|Win32
		{24B04D71-3161-44B6-A476-C49BE57AB8CE}.Debug|x86.Build.0 = Debug|Win32
		{24B04D71-3161-44B6-A476-C49BE57AB8CE}.Release|x64.ActiveCfg = Release|x64
		{24B04D71-3161-44B6-A476-C49BE57AB8CE}.Release|x64.Build.0 = Release|x64
		{24B04D71-3161-44B6-A476-C49BE57AB8CE}.Release|x86.ActiveCfg = Release|Win32
		{24B04D71-3161-44B6-A476-C49BE57AB8CE}.Release|x86.Build.0 = Release|Win32
		{5E63D083-D4D9-449A-ACF0-24C11FB890ED}.Debug|x64.ActiveCfg = Debug|x64
		{5E63D083-D4D9-449A-ACF0-24C11FB890ED}.Debug|x64.Build.0 = Debug|x64
		{5E63D083-D4D9-449A-ACF0-24C11FB890ED}.Debug|x86.ActiveCfg = Debug|Win32
		{5E63D083-D4D9-449A-ACF0-24C11FB890ED}.Debug|x86.Build.0 = Debug|Win32
		{5E63D083-D4D9-449A-ACF0-24C11FB890ED}.Release|x64.ActiveCfg = Release|x64
		{5E63D083-D4D9-449A-ACF0-24C11FB890ED}.Release|x64.Build.0 = Release|x64
		{5E63D083-D4D9-449A-ACF0-24C11FB890ED}.Release|x86.ActiveCfg = Release|Win32
		{5E63D083-D4D9-449A-ACF0-24C11FB890ED}.Release|x86.Build.0 = Release|Win32
		{51DDFD8C-1A1F-424E-A73E-E489911999A1}.Debug|x64.ActiveCfg = Debug|x64
		{51DDFD8C-1A1F-424E-A73E-E489911999A1}.Debug|x64.Build.0 = Debug|x64
		{51DDFD8C-1A1F-424E-A73E-E489911999A1}.Debug|x86.ActiveCfg = Debug|Win32
		{51DDFD8C-1A1F-424E-A73E-E489911999A1}.Debug|x86.Build.0 = Debug|Win32
		{51DDFD8C-1A1F-424E-A73E-E489911999A1}.Release|x64.ActiveCfg = Release|x64
		{51DDFD8C-1A1F-424E-A73E-E489911999A1}.Release|x64.Build.0 = Release|x64
		{51DDFD8C-1A1F-424E-A73E-E489911999A1}.Release|x86.ActiveCfg = Release|Win32
		{51DDFD8C-1A1F-424E-A73E-E489911999A1}.Release|x86.Build.0 = Release|Win32
		{5CBE66F4-DE7C-4828-B993-04188F64BB29}.Debug|x64.ActiveCfg = Debug|x64
		{5CBE66F4-DE7C-4828-B993-04188F64BB29}.Debug|x64.Build.0 = Debug|x64
		{5CBE66F4-DE7C-4828-B993-04188F64BB29}.Debug|x86.ActiveCfg = Debug|Win32
		{5CBE66F4-DE7C-4828-B993-04188F64BB29}.Debug|x86.Build.0 = Debug|Win32
		{5CBE66F4-DE7C-4828-B993-04188F64BB29}.Release|x64.ActiveCfg = Release|x64
		{5CBE66F4-DE7C-4828-B993-04188F64BB29}.Release|x64.Build.0 = Release|x64
		{5CBE66F4-DE7C-4828-B993-04188F64BB29}.Release|x86.ActiveCfg = Release|Win32
		{5CBE66F4-DE7C-4828-B993-04188F64BB29}.Release|x86.Build.0 = Release|Win32
		{C6069E33-944C-4E88-BA38-80841AE31352}.Debug|x64.ActiveCfg = Debug|x64
		{C6069E33-944C-4E88-BA38-80841AE31352}.Debug|x64.Build.0 = Debug|x64
		{C6069E33-944C-4E88-BA38-80841AE31352}.Debug|x86.ActiveCfg = Debug|Win32
		{C6069E33-944C-4E88-BA38-80841AE31352}.Debug|x86.Build.0 = Debug|Win32
		{C6069E33-944C-4E88-BA38-80841AE31352}.Release|x64.ActiveCfg = Release|x64
		{C6069E33-944C-4E88-BA38-80841AE31352}.Release|x64.Build.0 = Release|x64
		{C6069E33-944C-4E88-BA38-80841AE31352}.Release|x86.ActiveCfg = Release|Win32
		{C6069E33-944C-4E88-BA38-80841AE31352}.Release|x86.Build.0 = Release|Win32
		{86F6FFF2-0D16-444A-A4E2-923F6C229D7B}.Debug|x64.ActiveCfg = Debug|x64
		{86F6FFF2-0D16-444A-A4E2-923F6C229D7B}.Debug|x64.Build.0 = Debug|x64
		{86F6FFF2-0D16-444A-A4E2-923F6C229D7B}.Debug|x86.ActiveCfg = Debug|Win32
		{86F6FFF2-0D16-444A-A4E2-923F6C229D7B}.Debug|x86.Build.0 = Debug|Win32
		{86F6FFF2-0D16-444A-A4E2-923F6C229D7B}.Release|x64.ActiveCfg = Release|x64
		{86F6FFF2-0D16-444A-A4E2-923F6C229D7B}.Release|x64.Build.0 = Release|x64
		{86F6FFF2-0D16-444A-A4E2-923F6C229D7B}.Release|x86.ActiveCfg = Release|Win32
		{86F6FFF2-0D16-444A-A4E2-923F6C229D7B}.Release|x86.Build.0 = Release|Win32
		{64F84C0D-3624-472B-86B3-D5A149BB214B}.Debug|x64.ActiveCfg = Debug|x64
		{64F84C0D-3624-472B-86B3-D5A149BB214B}.Debug|x64.Build.0 = Debug|x64
		{64F84C0D-3624-472B-86B3-D5A149BB214B}.Debug|x86.ActiveCfg = Debug|Win32
		{64F84C0D-3624-472B-86B3-D5A149BB214B}.Debug|x86.Build.0 = Debug|Win32
		{64F84C0D-3624-472B-86B3-D5A149BB214B}.Release|x64.ActiveCfg = Release|x64
		{64F84C0D-3624-472B-86B3-D5A149BB214B}.Release|x64.Build.0 = Release|x64
		{64F84C0D-3624-472B-86B3-D5A149BB214B}.Release|x86.ActiveCfg = Release|Win32
		{64F84C0D-3624-472B-86B3-D5A149BB214B}.Release|x86.Build.0 = Release|Win32
		{75BECD11-9270-40D7-BB94-3D61954E6BEE}.Debug|x64.ActiveCfg = Debug|x64
		{75BECD11-9270-40D7-BB94-3D61954E6BEE}.Debug|x64.Build.0 = Debug|x64
		{75BECD11-9270-40D7-BB94-3D61954E6BEE}.Debug|x86.ActiveCfg = Debug|Win32
		{75BECD11-9270-40D7-BB94-3D61954E6BEE}.Debug|x86.Build.0 = Debug|Win32
		{75BECD11-9270-40D7-BB94-3D61954E6BEE}.Release|x64.ActiveCfg = Release|x64
		{75BECD11-9270-40D7-BB94-3D61954E6BEE}.Release|x64.Build.0 = Release|x64
		{75BECD11-9270-40D7-BB94-3D61954E6BEE}.Release|x86.ActiveCfg = Release|Win32
		{75BECD11-9270-40D7-BB94-3D61954E6BEE}.Release|x86.Build.0 = Release|Win32
		{6B71B01D-8963-4A19-9566-AD1697216AB6}.Debug|x64.ActiveCfg = Debug|x64
		{6B71B01D-8963-4A19-9566-AD1697216AB6}.Debug|x64.Build.0 = Debug|x64
		{6B71B01D-8963-4A19-9566-AD1697216AB6}.Debug|x86.ActiveCfg = Debug|Win32
		{6B71B01D-8963-4A19-9566-AD1697216AB6}.Debug|x86.Build.0 = Debug|Win32
		{6B71B01D-8963-4A19-9566-AD1697216AB6}.Release|x64.ActiveCfg = Release|x64
		{6B71B01D-8963-4A19-9566-AD1697216AB6}.Release|x64.Build.0 = Release|x64
		{6B71B01D-8963-4A19-9566-AD1697216AB6}.Release|x86.ActiveCfg = Release|Win32
		{6B71B01D-8963-4A19-9566-AD1697216AB6}.Release|x86.Build.0 = Release|Win32
		{FA3DC1B6-806D-4E13-B865-FF0F7C4DF7F3}.Debug|x64.ActiveCfg = Debug|x64
		{FA3DC1B6-806D-4E13-B865-FF0F7C4DF7F3}.Debug|x64.Build.0 = Debug|x64
		{FA3DC1B6-806D-4E13-B865-FF0F7C4DF7F3}.Debug|x86.ActiveCfg = Debug|Win32
		{FA3DC1B6-806D-4E13-B865-FF0F7C4DF7F3}.Debug|x86.Build.0 = Debug|Win32
		{FA3DC1B6-806D-4E13-B865-FF0F7C4DF7F3}.Release|x64.ActiveCfg = Release|x64
		{FA3DC1B6-806D-4E13-B865-FF0F7C4DF7F3}.Release|x64.Build.0 = Release|x64
		{FA3DC1B6-806D-4E13-B865-FF0F7C4DF7F3}.Release|x86.ActiveCfg = Release|Win32
		{FA3DC1B6-806D-4E13-B865-FF0F7C4DF7F3}.Release|x86.Build.0 = Release|Win32
		{F605D9A2-1A74-4D4F-B928-2A8412C6E67A}.Debug|x64.ActiveCfg = Debug|x64
		{F605D9A2-1A74-4D4F-B928-2A8412C6E67A}.Debug|x64.Build.0 = Debug|x64
		{F605D9A2-1A74-4D4F-B928-2A8412C6E67A}.Debug|x86.ActiveCfg = Debug|Win32
		{F605D9A2-1A74-4D4F-B928-2A8412C6E67A}.Debug|x86.Build.0 = Debug|Win32
		{F605D9A2-1A74-4D4F-B928-2A8412C6E67A}.Release|x64.ActiveCfg = Release|x64
		{F605D9A2-1A74-4D4F-B928-2A8412C6E67A}.Release|x64.Build.0 = Release|x64
		{F605D9A2-1A74-4D4F-B928-2A8412C6E67A}.Release|x86.ActiveCfg = Release|Win32
		{F605D9A2-1A74-4D4F-B928-2A8412C6E67A}.Release|x86.Build.0 = Release|Win32
		{5B1DF347-9CA7-44F0-8B25-53BB14445EEC}.Debug|x64.ActiveCfg = Debug|x64
		{5B1DF347-9CA7-44F0-8B25-53BB14445EEC}.Debug|x64.Build.0 = Debug|x64
		{5B1DF347-9CA7-44F0-8B25-53BB14445EEC}.Debug|x86.ActiveCfg = Debug|Win32
		{5B1DF347-9CA7-44F0-8B25-53BB14445EEC}.Debug|x86.Build.0 = Debug|Win32
		{5B1DF347-9CA7-44F0-8B25-53BB14445EEC}.Release|x64.ActiveCfg = Release|x64
		{5B1DF347-9CA7-44F0-8B25-53BB14445EEC}.Release|x64.Build.0 = Release|x64
		{5B1DF347-9CA7-44F0-8B25-53BB14445EEC}.Release|x86.ActiveCfg = Release|Win32
		{5B1DF347-9CA7-44F0-8B25-53BB14445EEC}.Release|x86.Build.0 = Release|Win32
		{773BD82C-47C5-47D5-900B-B436FA87A61A}.Debug|x64.ActiveCfg = Debug|x64
		{773BD82C-47C5-47D5-900B-B436FA87A61A}.Debug|x64.Build.0 = Debug|x64
		{773BD82C-47C5-47D5-900B-B436FA87A61A}.Debug|x86.ActiveCfg = Debug|Win32
		{773BD82C-47C5-47D5-900B-B436FA87A61A}.Debug|x86.Build.0 = Debug|Win32
		{773BD82C-47C5-47D5-900B-B436FA87A61A}.Release|x64.ActiveCfg = Release|x64
		{773BD82C-47C5-47D5-900B-B436FA87A61A}.Release|x64.Build.0 = Release|x64
		{773BD82C-47C5-47D5-900B-B436FA87A61A}.Release|x86.ActiveCfg = Release|Win32
		{773BD82C-47C5-47D5-900B-B436FA87A61A}.Release|x86.Build.0 = Release|Win32
		{678ECF6C-67B4-48F2-980E-5F57F68843F2}.Debug|x64.ActiveCfg = Debug|x64
		{678ECF6C-67B4-48F2-980E-5F57F68843F2}.Debug|x64.Build.0 = Debug|x64
		{678ECF6C-67B4-48F2-980E-5F57F68843F2}.Debug|x86.ActiveCfg = Debug|Win32
		{678ECF6C-67B4-48F2-980E-5F57F68843F2}.Debug|x86.Build.0 = Debug|Win32
		{678ECF6C-67B4-48F2-980E-5F57F68843F2}.Release|x64.ActiveCfg = Release|x64
		{678ECF6C-67B4-48F2-980E-5F57F68843F2}.Release|x64.Build.0 = Release|x64
		{678ECF6C-67B4-48F2-980E-5F57F68843F2}.Release|x86.ActiveCfg = Release|Win32
		{678ECF6C-67B4-48F2-980E-5F57F68843F2}.Release|x86.Build.0 = Release|Win32
		{E8738A13-EBC6-4E70-8CD8-8E61A9E1F9F5}.Debug|x64.ActiveCfg = Debug|x64
		{E8738A13-EBC6-4E70-8CD8-8E61A9E1F9F5}.Debug|x64.Build.0 = Debug|x64
		{E8738A13-EBC6-4E70-8CD8-8E61A9E1F9F5}.Debug|x86.ActiveCfg = Debug|Win32
		{E8738A13-EBC6-4E70-8CD8-8E61A9E1F9F5}.Debug|x86.Build.0 = Debug|Win32
		{E8738A13-EBC6-4E70-8CD8-8E61A9E1F9F5}.Release|x64.ActiveCfg = Release|x64
		{E8738A13-EBC6-4E70-8CD8-8E61A9E1F9F5}.Release|x64.Build.0 = Release|x64
		{E8738A13-EBC6-4E70-8CD8-8E61A9E1F9F5}.Release|x86.ActiveCfg = Release|Win32
		{E8738A13-EBC6-4E70-8CD8-8E61A9E1F9F5}.Release|x86.Build.0 = Release|Win32
		{563F1FBE-B0F9-4D51-9876-A9EB27059E8F}.Debug|x64.ActiveCfg = Debug|x64
		{563F1FBE-B0F9-4D51-9876-A9EB27059E8F}.Debug|x64.Build.0 = Debug|x64
		{563F1FBE-B0F9-4D51-9876-A9EB27059E8F}.Debug|x86.ActiveCfg = Debug|Win32
		{563F1FBE-B0F9-4D51-9876-A9EB27059E8F}.Debug|x86.Build.0 = Debug|Win32
		{563F1FBE-B0F9-4D51-9876-A9EB27059E8F}.Release|x64.ActiveCfg = Release|x64
		{563F1FBE-B0F9-4D51-9876-A9EB27059E8F}.Release|x64.Build.0 = Release|x64
		{563F1FBE-B0F9-4D51-9876-A9EB27059E8F}.Release|x86.ActiveCfg = Release|Win32
		{563F1FBE-B0F9-4D51-9876-A9EB27059E8F}.Release|x86.Build.0 = Release|Win32
		{D5556367-960A-4825-AFBB-4CB52B9C3F09}.Debug|x64.ActiveCfg = Debug|x64
		{D5556367-960A-4825-AFBB-4CB52B9C3F09}.Debug|x64.Build.0 = Debug|x64
		{D5556367-960A-4825-AFBB-4CB52B9C3F09}.Debug|x86.ActiveCfg = Debug|Win32
		{D5556367-960A-4825-AFBB-4CB52B9C3F09}.Debug|x86.Build.0 = Debug|Win32
		{D5556367-960A-4825-AFBB-4CB52B9C3F09}.Release|x64.ActiveCfg = Release|x64
		{D5556367-960A-4825-AFBB-4CB52B9C3F09}.Release|x64.Build.0 = Release|x64
		{D5556367-960A-4825-AFBB-4CB52B9C3F09}.Release|x86.ActiveCfg = Release|Win32
		{D5556367-960A-4825-AFBB-4CB52B9C3F09}.Release|x86.Build.0 = Release|Win32
		{9328476B-18DE-4C45-A3CA-CB1ED2F2D99D}.Debug|x64.ActiveCfg = Debug|x64
		{9328476B-18DE-4C45-A3CA-CB1ED2F2D99D}.Debug|x64.Build.0 = Debug|x64
		{9328476B-18DE-4C45-A3CA-CB1ED2F2D99D}.Debug|x86.ActiveCfg = Debug|Win32
		{9328476B-18DE-4C45-A3CA-CB1ED2F2D99D}.Debug|x86.Build.0 = Debug|Win32
		{9328476B-18DE-4C45-A3CA-CB1ED2F2D99D}.Release|x64.ActiveCfg = Release|x64
		{9328476B-18DE-4C45-A3CA-CB1ED2F2D99D}.Release|x64.Build.0 = Release|x64
		{9328476B-18DE-4C45-A3CA-CB1ED2F2D99D}.Release|x86.ActiveCfg = Release|Win32
		{9328476B-18DE-4C45-A3CA-CB1ED2F2D99D}.Release|x86.Build.0 = Release|Win32
		{78C41CCA-D325-41BD-972C-480ACD19D360}.Debug|x64.ActiveCfg = Debug|x64
		{78C41CCA-D325-41BD-972C-480ACD19D360}.Debug|x64.Build.0 = Debug|x64
		{78C41CCA-D325-41BD-972C-480ACD19D360}.Debug|x86.ActiveCfg = Debug|Win32
		{78C41CCA-D325-41BD-972C-480ACD19D360}.Debug|x86.Build.0 = Debug|Win32
		{78C41CCA-D325-41BD-972C-480ACD19D360}.Release|x64.ActiveCfg = Release|x64
		{78C41CCA-D325-41BD-972C-480ACD19D360}.Release|x64.Build.0 = Release|x64
		{78C41CCA-D325-41BD-972C-480ACD19D360}.Release|x86.ActiveCfg = Release|Win32
		{78C41CCA-D325-41BD-972C-480ACD19D360}.Release|x86.Build.0 = Release|Win32
		{11CCB4B9-E17C-4077-BC4F-EF4A158507B4}.Debug|x64.ActiveCfg = Debug|x64
		{11CCB4B9-E17C-4077-BC4F-EF4A158507B4}.Debug|x64.Build.0 = Debug|x64
		{11CCB4B9-E17C-4077-BC4F-EF4A158507B4}.Debug|x86.ActiveCfg = Debug|Win32
		{11CCB4B9-E17C-4077-BC4F-EF4A158507B4}.Debug|x86.Build.0 = Debug|Win32
		{11CCB4B9-E17C-4077-BC4F-EF4A158507B4}.Release|x64.ActiveCfg = Release|x64
		{11CCB4B9-E17C-4077-BC4F-EF4A158507B4}.Release|x64.Build.0 = Release|x64
		{11CCB4B9-E17C-4077-BC4F-EF4A158507B4}.Release|x86.ActiveCfg = Release|Win32
		{11CCB4B9-E17C-4077-BC4F-EF4A158507B4}.Release|x86.Build.0 = Release|Win32
		{7DB7B5AE-77FB-4CCA-88A1-DC55029A58FC}.Debug|x64.ActiveCfg = Debug|x64
		{7DB7B5AE-77FB-4CCA-88A1-DC55029A58FC}.Debug|x64.Build.0 = Debug|x64
		{7DB7B5AE-77FB-4CCA-88A1-DC55029A58FC}.Debug|x86.ActiveCfg = Debug|Win32
		{7DB7B5AE-77FB-4CCA-88A1-DC55029A58FC}.Debug|x86.Build.0 = Debug|Win32
		{7DB7B5AE-77FB-4CCA-88A1-DC55029A58FC}.Release|x64.ActiveCfg = Release|x64
		{7DB7B5AE-77FB-4CCA-88A1-DC55029A58FC}.Release|x64.Build.0 = Release|x64
		{7DB7B5AE-77FB-4CCA-88A1-DC55029A58FC}.Release|x86.ActiveCfg = Release|Win32
		{7DB7B5AE-77FB-4CCA-88A1-DC55029A58FC}.Release|x86.Build.0 = Release|Win32
		{275016E8-262E-4772-A238-7319618413C6}.Debug|x64.ActiveCfg = Debug|x64
		{275016E8-262E-4772-A238-7319618413C6}.Debug|x64.Build.0 = Debug|x64
		{275016E8-262E-4772-A238-7319618413C6}.Debug|x86.ActiveCfg = Debug|Win32
		{275016E8-262E-4772-A238-7319618413C6}.Debug|x86.Build.0 = Debug|Win32
		{275016E8-262E-4772-A238-7319618413C6}.Release|x64.ActiveCfg = Release|x64
		{275016E8-262E-4772-A238-7319618413C6}.Release|x64.Build.0 = Release|x64
		{275016E8-262E-4772-A238-7319618413C6}.Release|x86.ActiveCfg = Release|Win32
		{275016E8-262E-4772-A238-7319618413C6}.Release|x86.Build.0 = Release|Win32
		{646142F0-5F66-438D-B84F-CBAD86D53B3C}.Debug|x64.ActiveCfg = Debug|x64
		{646142F0-5F66-438D-B84F-CBAD86D53B3C}.Debug|x64.Build.0 = Debug|x64
		{646142F0-5F66-438D-B84F-CBAD86D53B3C}.Debug|x86.ActiveCfg = Debug|Win32
		{646142F0-5F66-438D-B84F-CBAD86D53B3C}.Debug|x86.Build.0 = Debug|Win32
		{646142F0-5F66-438D-B84F-CBAD86D53B3C}.Release|x64.ActiveCfg = Release|x64
		{646142F0-5F66-438D-B84F-CBAD86D53B3C}.Release|x64.Build.0 = Release|x64
		{646142F0-5F66-438D-B84F-CBAD86D53B3C}.Release|x86.ActiveCfg = Release|Win32
		{646142F0-5F66-438D-B84F-CBAD86D53B3C}.Release|x86.Build.0 = Release|Win32
		{2A03297D-F0A8-4EB7-9749-EC980363ECBD}.Debug|x64.ActiveCfg = Debug|x64
		{2A03297D-F0A8-4EB7-9749-EC980363ECBD}.Debug|x64.Build.0 = Debug|x64
		{2A03297D-F0A8-4EB7-9749-EC980363ECBD}.Debug|x86.ActiveCfg = Debug|Win32
		{2A03297D-F0A8-4EB7-9749-EC980363ECBD}.Debug|x86.Build.0 = Debug|Win32
		{2A03297D-F0A8-4EB7-9749-EC980363ECBD}.Release|x64.ActiveCfg = Release|x64
		{2A03297D-F0A8-4EB7-9749-EC980363ECBD}.Release|x64.Build.0 = Release|x64
		{2A03297D-F0A8-4EB7-9749-EC980363ECBD}.Release|x86.ActiveCfg = Release|Win32
		{2A03297D-F0A8-4EB7-9749-EC980363ECBD}.Release|x86.Build.0 = Release|Win32
		{03BBC1CA-E4D2-475E-82BA-726F78E8E26F}.Debug|x64.ActiveCfg = Debug|x64
		{03BBC1CA-E4D2-475E-82BA-726F78E8E26F}.Debug|x64.Build.0 = Debug|x64
		{03BBC1CA-E4D2-475E-82BA-726F78E8E26F}.Debug|x86.ActiveCfg = Debug|Win32
		{03BBC1CA-E4D2-475E-82BA-726F78E8E26F}.Debug|x86.Build.0 = Debug|Win32
		{03BBC1CA-E4D2-475E-82BA-726F78E8E26F}.Release|x64.ActiveCfg = Release|x64
		{03BBC1CA-E4D2-475E-82BA-726F78E8E26F}.Release|x64.Build.0 = Release|x64
		{03BBC1CA-E4D2-475E-82BA-726F78E8E26F}.Release|x86.ActiveCfg = Release|Win32
		{03BBC1CA-E4D2-475E-82BA-726F78E8E26F}.Release|x86.Build.0 = Release|Win32
		{A96A8A77-7154-4777-9A8C-A93094AC40C3}.Debug|x64.ActiveCfg = Debug|x64
		{A96A8A77-7154-4777-9A8C-A93094AC40C3}.Debug|x64.Build.0 = Debug|x64
		{A96A8A77-7154-4777-9A8C-A93094AC40C3}.Debug|x86.ActiveCfg = Debug|Win32
		{A96A8A77-7154-4777-9A8C-A93094AC40C3}.Debug|x86.Build.0 = Debug|Win32
		{A96A8A77-7154-4777-9A8C-A93094AC40C3}.Release|x64.ActiveCfg = Release|x64
		{A96A8A77-7154-4777-9A8C-A93094AC40C3}.Release|x64.Build.0 = Release|x64
		{A96A8A77-7154-4777-9A8C-A93094AC40C3}.Release|x86.ActiveCfg = Release|Win32
		{A96A8A77-7154-4777-9A8C-A93094AC40C3}.Release|x86.Build.0 = Release|Win32
		{10CBD535-622E-4CD1-B55C-F42FF0AA5A13}.Debug|x64.ActiveCfg = Debug|x64
		{10CBD535-622E-4CD1-B55C-F42FF0AA5A13}.Debug|x64.Build.0 = Debug|x64
		{10CBD535-622E-4CD1-B55C-F42FF0AA5A13}.Debug|x86.ActiveCfg = Debug|Win32
		{10CBD535-622E-4CD1-B55C-F42FF0AA5A13}.Debug|x86.Build.0 = Debug|Win32
		{10CBD535-622E-4CD1-B55C-F42FF0AA5A13}.Release|x64.ActiveCfg = Release|x64
		{10CBD535-622E-4CD1-B55C-F42FF0AA5A13}.Release|x64.Build.0 = Release|x64
		{10CBD535-622E-4CD1-B55C-F42FF0AA5A13}.Release|x86.ActiveCfg = Release|Win32
		{10CBD535-622E-4CD1-B55C-F42FF0AA5A13}.Release|x86.Build.0 = Release|Win32
		{0CF534BA-8C06-4826-85C3-1206FEB7F56A}.Debug|x64.ActiveCfg = Debug|x64
		{0CF534BA-8C06-4826-85C3-1206FEB7F56A}.Debug|x64.Build.0 = Debug|x64
		{0CF534BA-8C06-4826-85C3-1206FEB7F56A}.Debug|x86.ActiveCfg = Debug|Win32
		{0CF534BA-8C06-4826-85C3-1206FEB7F56A}.Debug|x86.Build.0 = Debug|Win32
		{0CF534BA-8C06-4826-85C3-1206FEB7F56A}.Release|x64.ActiveCfg = Release|x64
		{0CF534BA-8C06-4826-85C3-1206FEB7F56A}.Release|x64.Build.0 = Release|x64
		{0CF534BA-8C06-4826-85C3-1206FEB7F56A}.Release|x86.ActiveCfg = Release|Win32
		{0CF534BA-8C06-4826-85C3-1206FEB7F56A}.Release|x86.Build.0 = Release|Win32
	EndGlobalSection
	GlobalSection(SolutionProperties) = preSolution
		HideSolutionNode = FALSE
	EndGlobalSection
	GlobalSection(ExtensibilityGlobals) = postSolution
		SolutionGuid = {1C36F278-6DFD-4850-9891-0F0302863973}
	EndGlobalSection
EndGlobal
