
Microsoft Visual Studio Solution File, Format Version 12.00
# Visual Studio Version 17
VisualStudioVersion = 17.13.35919.96
MinimumVisualStudioVersion = 10.0.40219.1
Project("{8BC9CEB8-8B4A-11D0-8D11-00A0C91BC942}") = "Quest", "Quest\Quest.vcxproj", "{796FF089-38EA-48CF-ADE9-6D778A6B94FC}"
EndProject
Project("{8BC9CEB8-8B4A-11D0-8D11-00A0C91BC942}") = "Quest1", "Quest1\Quest1.vcxproj", "{6A1C42D5-DBE9-478B-A1E5-6BD0F032974E}"
EndProject
Project("{8BC9CEB8-8B4A-11D0-8D11-00A0C91BC942}") = "Quest2", "Quest2\Quest2.vcxproj", "{1D3485C7-E943-4F80-822A-9A0773B00F9A}"
EndProject
Project("{8BC9CEB8-8B4A-11D0-8D11-00A0C91BC942}") = "Quest3", "Quest3\Quest3.vcxproj", "{030A9E71-5C04-4458-B06F-DB13BD4EC3D0}"
EndProject
Project("{8BC9CEB8-8B4A-11D0-8D11-00A0C91BC942}") = "Quest_12_1", "Quest_12_1\Quest_12_1.vcxproj", "{F8644944-82DB-40B2-8473-F52F8B97BA34}"
EndProject
Project("{8BC9CEB8-8B4A-11D0-8D11-00A0C91BC942}") = "Quest_12_2", "Quest_12_2\Quest_12_2.vcxproj", "{2C87852D-82E9-4897-B9BD-CD4ED96D5ECE}"
EndProject
Project("{8BC9CEB8-8B4A-11D0-8D11-00A0C91BC942}") = "Quest_12_3", "Quest_12_3\Quest_12_3.vcxproj", "{BDBE99E7-36C8-426A-A8EF-B2FC014DE9F5}"
EndProject
Project("{8BC9CEB8-8B4A-11D0-8D11-00A0C91BC942}") = "Quest_12_4", "Quest_12_4\Quest_12_4.vcxproj", "{3FEA3EFD-B29C-4B34-81B3-307967A2841A}"
EndProject
Project("{8BC9CEB8-8B4A-11D0-8D11-00A0C91BC942}") = "Quest_13_1", "Quest_13_1\Quest_13_1.vcxproj", "{AAF44543-3390-49CB-BB3E-757E77825DF2}"
EndProject
Project("{8BC9CEB8-8B4A-11D0-8D11-00A0C91BC942}") = "Quest_13_2", "Quest_13_2\Quest_13_2.vcxproj", "{6E54BC97-DFAF-402F-A436-694BBB47B544}"
EndProject
Project("{8BC9CEB8-8B4A-11D0-8D11-00A0C91BC942}") = "Quest_13_3", "Quest_13_3\Quest_13_3.vcxproj", "{24F2ABE2-9762-4C1C-B608-F5D3F5439977}"
EndProject
Project("{8BC9CEB8-8B4A-11D0-8D11-00A0C91BC942}") = "Quest_14_1", "Quest_14_1\Quest_14_1.vcxproj", "{178C29BC-5AF1-4FD2-AD40-FD25840AB122}"
EndProject
Project("{8BC9CEB8-8B4A-11D0-8D11-00A0C91BC942}") = "Quest_14_2", "Quest_14_2\Quest_14_2.vcxproj", "{86601A66-F040-40ED-AF41-9D0DCFF7AD09}"
EndProject
Project("{8BC9CEB8-8B4A-11D0-8D11-00A0C91BC942}") = "Quest_14_3", "Quest_14_3\Quest_14_3.vcxproj", "{4C13266A-7AFE-4A27-8F42-AAA477ABF19A}"
EndProject
Project("{8BC9CEB8-8B4A-11D0-8D11-00A0C91BC942}") = "Quest_14_4", "Quest_14_4\Quest_14_4.vcxproj", "{A3118BB2-8900-4A02-8683-45EDF9951487}"
EndProject
Project("{8BC9CEB8-8B4A-11D0-8D11-00A0C91BC942}") = "Quest_14_5", "Quest_14_5\Quest_14_5.vcxproj", "{D9A892DE-9D19-4E6D-8575-7F698C1F9D35}"
EndProject
Project("{8BC9CEB8-8B4A-11D0-8D11-00A0C91BC942}") = "Quest_14_6", "Quest_14_6\Quest_14_6.vcxproj", "{6C9F6875-B9F4-4971-8ECD-B527EC0C70B1}"
EndProject
Project("{8BC9CEB8-8B4A-11D0-8D11-00A0C91BC942}") = "Quest_14_7", "Quest_14_7\Quest_14_7.vcxproj", "{6F409D03-683B-4E61-BCC3-6E144373374B}"
EndProject
Project("{8BC9CEB8-8B4A-11D0-8D11-00A0C91BC942}") = "Quest_14_8", "Quest_14_8\Quest_14_8.vcxproj", "{96AEB6B9-C897-4489-A9F4-977C57EF4256}"
EndProject
Project("{8BC9CEB8-8B4A-11D0-8D11-00A0C91BC942}") = "Quest_15_1", "Quest_15_1\Quest_15_1.vcxproj", "{19AF37B2-8458-4B07-9C98-84F30B13DB9C}"
EndProject
Project("{8BC9CEB8-8B4A-11D0-8D11-00A0C91BC942}") = "Quest_15_2", "Quest_15_2\Quest_15_2.vcxproj", "{539BCE8C-629D-4BD5-A8CD-3DCAE3A23F09}"
EndProject
Project("{8BC9CEB8-8B4A-11D0-8D11-00A0C91BC942}") = "Quest_15_3", "Quest_15_3\Quest_15_3.vcxproj", "{63A8548B-9849-4266-8A31-F9E7EDE9B697}"
EndProject
Project("{8BC9CEB8-8B4A-11D0-8D11-00A0C91BC942}") = "Quest_15_4", "Quest_15_4\Quest_15_4.vcxproj", "{39D1FA2A-1060-4AA9-8270-88B57E3090F2}"
EndProject
Global
	GlobalSection(SolutionConfigurationPlatforms) = preSolution
		Debug|x64 = Debug|x64
		Debug|x86 = Debug|x86
		Release|x64 = Release|x64
		Release|x86 = Release|x86
	EndGlobalSection
	GlobalSection(ProjectConfigurationPlatforms) = postSolution
		{796FF089-38EA-48CF-ADE9-6D778A6B94FC}.Debug|x64.ActiveCfg = Debug|x64
		{796FF089-38EA-48CF-ADE9-6D778A6B94FC}.Debug|x64.Build.0 = Debug|x64
		{796FF089-38EA-48CF-ADE9-6D778A6B94FC}.Debug|x86.ActiveCfg = Debug|Win32
		{796FF089-38EA-48CF-ADE9-6D778A6B94FC}.Debug|x86.Build.0 = Debug|Win32
		{796FF089-38EA-48CF-ADE9-6D778A6B94FC}.Release|x64.ActiveCfg = Release|x64
		{796FF089-38EA-48CF-ADE9-6D778A6B94FC}.Release|x86.ActiveCfg = Release|Win32
		{796FF089-38EA-48CF-ADE9-6D778A6B94FC}.Release|x86.Build.0 = Release|Win32
		{6A1C42D5-DBE9-478B-A1E5-6BD0F032974E}.Debug|x64.ActiveCfg = Debug|x64
		{6A1C42D5-DBE9-478B-A1E5-6BD0F032974E}.Debug|x64.Build.0 = Debug|x64
		{6A1C42D5-DBE9-478B-A1E5-6BD0F032974E}.Debug|x86.ActiveCfg = Debug|Win32
		{6A1C42D5-DBE9-478B-A1E5-6BD0F032974E}.Debug|x86.Build.0 = Debug|Win32
		{6A1C42D5-DBE9-478B-A1E5-6BD0F032974E}.Release|x64.ActiveCfg = Release|x64
		{6A1C42D5-DBE9-478B-A1E5-6BD0F032974E}.Release|x64.Build.0 = Release|x64
		{6A1C42D5-DBE9-478B-A1E5-6BD0F032974E}.Release|x86.ActiveCfg = Release|Win32
		{6A1C42D5-DBE9-478B-A1E5-6BD0F032974E}.Release|x86.Build.0 = Release|Win32
		{1D3485C7-E943-4F80-822A-9A0773B00F9A}.Debug|x64.ActiveCfg = Debug|x64
		{1D3485C7-E943-4F80-822A-9A0773B00F9A}.Debug|x64.Build.0 = Debug|x64
		{1D3485C7-E943-4F80-822A-9A0773B00F9A}.Debug|x86.ActiveCfg = Debug|Win32
		{1D3485C7-E943-4F80-822A-9A0773B00F9A}.Debug|x86.Build.0 = Debug|Win32
		{1D3485C7-E943-4F80-822A-9A0773B00F9A}.Release|x64.ActiveCfg = Release|x64
		{1D3485C7-E943-4F80-822A-9A0773B00F9A}.Release|x64.Build.0 = Release|x64
		{1D3485C7-E943-4F80-822A-9A0773B00F9A}.Release|x86.ActiveCfg = Release|Win32
		{1D3485C7-E943-4F80-822A-9A0773B00F9A}.Release|x86.Build.0 = Release|Win32
		{030A9E71-5C04-4458-B06F-DB13BD4EC3D0}.Debug|x64.ActiveCfg = Debug|x64
		{030A9E71-5C04-4458-B06F-DB13BD4EC3D0}.Debug|x64.Build.0 = Debug|x64
		{030A9E71-5C04-4458-B06F-DB13BD4EC3D0}.Debug|x86.ActiveCfg = Debug|Win32
		{030A9E71-5C04-4458-B06F-DB13BD4EC3D0}.Debug|x86.Build.0 = Debug|Win32
		{030A9E71-5C04-4458-B06F-DB13BD4EC3D0}.Release|x64.ActiveCfg = Release|x64
		{030A9E71-5C04-4458-B06F-DB13BD4EC3D0}.Release|x64.Build.0 = Release|x64
		{030A9E71-5C04-4458-B06F-DB13BD4EC3D0}.Release|x86.ActiveCfg = Release|Win32
		{030A9E71-5C04-4458-B06F-DB13BD4EC3D0}.Release|x86.Build.0 = Release|Win32
		{F8644944-82DB-40B2-8473-F52F8B97BA34}.Debug|x64.ActiveCfg = Debug|x64
		{F8644944-82DB-40B2-8473-F52F8B97BA34}.Debug|x64.Build.0 = Debug|x64
		{F8644944-82DB-40B2-8473-F52F8B97BA34}.Debug|x86.ActiveCfg = Debug|Win32
		{F8644944-82DB-40B2-8473-F52F8B97BA34}.Debug|x86.Build.0 = Debug|Win32
		{F8644944-82DB-40B2-8473-F52F8B97BA34}.Release|x64.ActiveCfg = Release|x64
		{F8644944-82DB-40B2-8473-F52F8B97BA34}.Release|x64.Build.0 = Release|x64
		{F8644944-82DB-40B2-8473-F52F8B97BA34}.Release|x86.ActiveCfg = Release|Win32
		{F8644944-82DB-40B2-8473-F52F8B97BA34}.Release|x86.Build.0 = Release|Win32
		{2C87852D-82E9-4897-B9BD-CD4ED96D5ECE}.Debug|x64.ActiveCfg = Debug|x64
		{2C87852D-82E9-4897-B9BD-CD4ED96D5ECE}.Debug|x64.Build.0 = Debug|x64
		{2C87852D-82E9-4897-B9BD-CD4ED96D5ECE}.Debug|x86.ActiveCfg = Debug|Win32
		{2C87852D-82E9-4897-B9BD-CD4ED96D5ECE}.Debug|x86.Build.0 = Debug|Win32
		{2C87852D-82E9-4897-B9BD-CD4ED96D5ECE}.Release|x64.ActiveCfg = Release|x64
		{2C87852D-82E9-4897-B9BD-CD4ED96D5ECE}.Release|x64.Build.0 = Release|x64
		{2C87852D-82E9-4897-B9BD-CD4ED96D5ECE}.Release|x86.ActiveCfg = Release|Win32
		{2C87852D-82E9-4897-B9BD-CD4ED96D5ECE}.Release|x86.Build.0 = Release|Win32
		{BDBE99E7-36C8-426A-A8EF-B2FC014DE9F5}.Debug|x64.ActiveCfg = Debug|x64
		{BDBE99E7-36C8-426A-A8EF-B2FC014DE9F5}.Debug|x64.Build.0 = Debug|x64
		{BDBE99E7-36C8-426A-A8EF-B2FC014DE9F5}.Debug|x86.ActiveCfg = Debug|Win32
		{BDBE99E7-36C8-426A-A8EF-B2FC014DE9F5}.Debug|x86.Build.0 = Debug|Win32
		{BDBE99E7-36C8-426A-A8EF-B2FC014DE9F5}.Release|x64.ActiveCfg = Release|x64
		{BDBE99E7-36C8-426A-A8EF-B2FC014DE9F5}.Release|x64.Build.0 = Release|x64
		{BDBE99E7-36C8-426A-A8EF-B2FC014DE9F5}.Release|x86.ActiveCfg = Release|Win32
		{BDBE99E7-36C8-426A-A8EF-B2FC014DE9F5}.Release|x86.Build.0 = Release|Win32
		{3FEA3EFD-B29C-4B34-81B3-307967A2841A}.Debug|x64.ActiveCfg = Debug|x64
		{3FEA3EFD-B29C-4B34-81B3-307967A2841A}.Debug|x64.Build.0 = Debug|x64
		{3FEA3EFD-B29C-4B34-81B3-307967A2841A}.Debug|x86.ActiveCfg = Debug|Win32
		{3FEA3EFD-B29C-4B34-81B3-307967A2841A}.Debug|x86.Build.0 = Debug|Win32
		{3FEA3EFD-B29C-4B34-81B3-307967A2841A}.Release|x64.ActiveCfg = Release|x64
		{3FEA3EFD-B29C-4B34-81B3-307967A2841A}.Release|x64.Build.0 = Release|x64
		{3FEA3EFD-B29C-4B34-81B3-307967A2841A}.Release|x86.ActiveCfg = Release|Win32
		{3FEA3EFD-B29C-4B34-81B3-307967A2841A}.Release|x86.Build.0 = Release|Win32
		{AAF44543-3390-49CB-BB3E-757E77825DF2}.Debug|x64.ActiveCfg = Debug|x64
		{AAF44543-3390-49CB-BB3E-757E77825DF2}.Debug|x64.Build.0 = Debug|x64
		{AAF44543-3390-49CB-BB3E-757E77825DF2}.Debug|x86.ActiveCfg = Debug|Win32
		{AAF44543-3390-49CB-BB3E-757E77825DF2}.Debug|x86.Build.0 = Debug|Win32
		{AAF44543-3390-49CB-BB3E-757E77825DF2}.Release|x64.ActiveCfg = Release|x64
		{AAF44543-3390-49CB-BB3E-757E77825DF2}.Release|x64.Build.0 = Release|x64
		{AAF44543-3390-49CB-BB3E-757E77825DF2}.Release|x86.ActiveCfg = Release|Win32
		{AAF44543-3390-49CB-BB3E-757E77825DF2}.Release|x86.Build.0 = Release|Win32
		{6E54BC97-DFAF-402F-A436-694BBB47B544}.Debug|x64.ActiveCfg = Debug|x64
		{6E54BC97-DFAF-402F-A436-694BBB47B544}.Debug|x64.Build.0 = Debug|x64
		{6E54BC97-DFAF-402F-A436-694BBB47B544}.Debug|x86.ActiveCfg = Debug|Win32
		{6E54BC97-DFAF-402F-A436-694BBB47B544}.Debug|x86.Build.0 = Debug|Win32
		{6E54BC97-DFAF-402F-A436-694BBB47B544}.Release|x64.ActiveCfg = Release|x64
		{6E54BC97-DFAF-402F-A436-694BBB47B544}.Release|x64.Build.0 = Release|x64
		{6E54BC97-DFAF-402F-A436-694BBB47B544}.Release|x86.ActiveCfg = Release|Win32
		{6E54BC97-DFAF-402F-A436-694BBB47B544}.Release|x86.Build.0 = Release|Win32
		{24F2ABE2-9762-4C1C-B608-F5D3F5439977}.Debug|x64.ActiveCfg = Debug|x64
		{24F2ABE2-9762-4C1C-B608-F5D3F5439977}.Debug|x64.Build.0 = Debug|x64
		{24F2ABE2-9762-4C1C-B608-F5D3F5439977}.Debug|x86.ActiveCfg = Debug|Win32
		{24F2ABE2-9762-4C1C-B608-F5D3F5439977}.Debug|x86.Build.0 = Debug|Win32
		{24F2ABE2-9762-4C1C-B608-F5D3F5439977}.Release|x64.ActiveCfg = Release|x64
		{24F2ABE2-9762-4C1C-B608-F5D3F5439977}.Release|x64.Build.0 = Release|x64
		{24F2ABE2-9762-4C1C-B608-F5D3F5439977}.Release|x86.ActiveCfg = Release|Win32
		{24F2ABE2-9762-4C1C-B608-F5D3F5439977}.Release|x86.Build.0 = Release|Win32
		{178C29BC-5AF1-4FD2-AD40-FD25840AB122}.Debug|x64.ActiveCfg = Debug|x64
		{178C29BC-5AF1-4FD2-AD40-FD25840AB122}.Debug|x64.Build.0 = Debug|x64
		{178C29BC-5AF1-4FD2-AD40-FD25840AB122}.Debug|x86.ActiveCfg = Debug|Win32
		{178C29BC-5AF1-4FD2-AD40-FD25840AB122}.Debug|x86.Build.0 = Debug|Win32
		{178C29BC-5AF1-4FD2-AD40-FD25840AB122}.Release|x64.ActiveCfg = Release|x64
		{178C29BC-5AF1-4FD2-AD40-FD25840AB122}.Release|x64.Build.0 = Release|x64
		{178C29BC-5AF1-4FD2-AD40-FD25840AB122}.Release|x86.ActiveCfg = Release|Win32
		{178C29BC-5AF1-4FD2-AD40-FD25840AB122}.Release|x86.Build.0 = Release|Win32
		{86601A66-F040-40ED-AF41-9D0DCFF7AD09}.Debug|x64.ActiveCfg = Debug|x64
		{86601A66-F040-40ED-AF41-9D0DCFF7AD09}.Debug|x64.Build.0 = Debug|x64
		{86601A66-F040-40ED-AF41-9D0DCFF7AD09}.Debug|x86.ActiveCfg = Debug|Win32
		{86601A66-F040-40ED-AF41-9D0DCFF7AD09}.Debug|x86.Build.0 = Debug|Win32
		{86601A66-F040-40ED-AF41-9D0DCFF7AD09}.Release|x64.ActiveCfg = Release|x64
		{86601A66-F040-40ED-AF41-9D0DCFF7AD09}.Release|x64.Build.0 = Release|x64
		{86601A66-F040-40ED-AF41-9D0DCFF7AD09}.Release|x86.ActiveCfg = Release|Win32
		{86601A66-F040-40ED-AF41-9D0DCFF7AD09}.Release|x86.Build.0 = Release|Win32
		{4C13266A-7AFE-4A27-8F42-AAA477ABF19A}.Debug|x64.ActiveCfg = Debug|x64
		{4C13266A-7AFE-4A27-8F42-AAA477ABF19A}.Debug|x64.Build.0 = Debug|x64
		{4C13266A-7AFE-4A27-8F42-AAA477ABF19A}.Debug|x86.ActiveCfg = Debug|Win32
		{4C13266A-7AFE-4A27-8F42-AAA477ABF19A}.Debug|x86.Build.0 = Debug|Win32
		{4C13266A-7AFE-4A27-8F42-AAA477ABF19A}.Release|x64.ActiveCfg = Release|x64
		{4C13266A-7AFE-4A27-8F42-AAA477ABF19A}.Release|x64.Build.0 = Release|x64
		{4C13266A-7AFE-4A27-8F42-AAA477ABF19A}.Release|x86.ActiveCfg = Release|Win32
		{4C13266A-7AFE-4A27-8F42-AAA477ABF19A}.Release|x86.Build.0 = Release|Win32
		{A3118BB2-8900-4A02-8683-45EDF9951487}.Debug|x64.ActiveCfg = Debug|x64
		{A3118BB2-8900-4A02-8683-45EDF9951487}.Debug|x64.Build.0 = Debug|x64
		{A3118BB2-8900-4A02-8683-45EDF9951487}.Debug|x86.ActiveCfg = Debug|Win32
		{A3118BB2-8900-4A02-8683-45EDF9951487}.Debug|x86.Build.0 = Debug|Win32
		{A3118BB2-8900-4A02-8683-45EDF9951487}.Release|x64.ActiveCfg = Release|x64
		{A3118BB2-8900-4A02-8683-45EDF9951487}.Release|x64.Build.0 = Release|x64
		{A3118BB2-8900-4A02-8683-45EDF9951487}.Release|x86.ActiveCfg = Release|Win32
		{A3118BB2-8900-4A02-8683-45EDF9951487}.Release|x86.Build.0 = Release|Win32
		{D9A892DE-9D19-4E6D-8575-7F698C1F9D35}.Debug|x64.ActiveCfg = Debug|x64
		{D9A892DE-9D19-4E6D-8575-7F698C1F9D35}.Debug|x64.Build.0 = Debug|x64
		{D9A892DE-9D19-4E6D-8575-7F698C1F9D35}.Debug|x86.ActiveCfg = Debug|Win32
		{D9A892DE-9D19-4E6D-8575-7F698C1F9D35}.Debug|x86.Build.0 = Debug|Win32
		{D9A892DE-9D19-4E6D-8575-7F698C1F9D35}.Release|x64.ActiveCfg = Release|x64
		{D9A892DE-9D19-4E6D-8575-7F698C1F9D35}.Release|x64.Build.0 = Release|x64
		{D9A892DE-9D19-4E6D-8575-7F698C1F9D35}.Release|x86.ActiveCfg = Release|Win32
		{D9A892DE-9D19-4E6D-8575-7F698C1F9D35}.Release|x86.Build.0 = Release|Win32
		{6C9F6875-B9F4-4971-8ECD-B527EC0C70B1}.Debug|x64.ActiveCfg = Debug|x64
		{6C9F6875-B9F4-4971-8ECD-B527EC0C70B1}.Debug|x64.Build.0 = Debug|x64
		{6C9F6875-B9F4-4971-8ECD-B527EC0C70B1}.Debug|x86.ActiveCfg = Debug|Win32
		{6C9F6875-B9F4-4971-8ECD-B527EC0C70B1}.Debug|x86.Build.0 = Debug|Win32
		{6C9F6875-B9F4-4971-8ECD-B527EC0C70B1}.Release|x64.ActiveCfg = Release|x64
		{6C9F6875-B9F4-4971-8ECD-B527EC0C70B1}.Release|x64.Build.0 = Release|x64
		{6C9F6875-B9F4-4971-8ECD-B527EC0C70B1}.Release|x86.ActiveCfg = Release|Win32
		{6C9F6875-B9F4-4971-8ECD-B527EC0C70B1}.Release|x86.Build.0 = Release|Win32
		{6F409D03-683B-4E61-BCC3-6E144373374B}.Debug|x64.ActiveCfg = Debug|x64
		{6F409D03-683B-4E61-BCC3-6E144373374B}.Debug|x64.Build.0 = Debug|x64
		{6F409D03-683B-4E61-BCC3-6E144373374B}.Debug|x86.ActiveCfg = Debug|Win32
		{6F409D03-683B-4E61-BCC3-6E144373374B}.Debug|x86.Build.0 = Debug|Win32
		{6F409D03-683B-4E61-BCC3-6E144373374B}.Release|x64.ActiveCfg = Release|x64
		{6F409D03-683B-4E61-BCC3-6E144373374B}.Release|x64.Build.0 = Release|x64
		{6F409D03-683B-4E61-BCC3-6E144373374B}.Release|x86.ActiveCfg = Release|Win32
		{6F409D03-683B-4E61-BCC3-6E144373374B}.Release|x86.Build.0 = Release|Win32
		{96AEB6B9-C897-4489-A9F4-977C57EF4256}.Debug|x64.ActiveCfg = Debug|x64
		{96AEB6B9-C897-4489-A9F4-977C57EF4256}.Debug|x64.Build.0 = Debug|x64
		{96AEB6B9-C897-4489-A9F4-977C57EF4256}.Debug|x86.ActiveCfg = Debug|Win32
		{96AEB6B9-C897-4489-A9F4-977C57EF4256}.Debug|x86.Build.0 = Debug|Win32
		{96AEB6B9-C897-4489-A9F4-977C57EF4256}.Release|x64.ActiveCfg = Release|x64
		{96AEB6B9-C897-4489-A9F4-977C57EF4256}.Release|x64.Build.0 = Release|x64
		{96AEB6B9-C897-4489-A9F4-977C57EF4256}.Release|x86.ActiveCfg = Release|Win32
		{96AEB6B9-C897-4489-A9F4-977C57EF4256}.Release|x86.Build.0 = Release|Win32
		{19AF37B2-8458-4B07-9C98-84F30B13DB9C}.Debug|x64.ActiveCfg = Debug|x64
		{19AF37B2-8458-4B07-9C98-84F30B13DB9C}.Debug|x64.Build.0 = Debug|x64
		{19AF37B2-8458-4B07-9C98-84F30B13DB9C}.Debug|x86.ActiveCfg = Debug|Win32
		{19AF37B2-8458-4B07-9C98-84F30B13DB9C}.Debug|x86.Build.0 = Debug|Win32
		{19AF37B2-8458-4B07-9C98-84F30B13DB9C}.Release|x64.ActiveCfg = Release|x64
		{19AF37B2-8458-4B07-9C98-84F30B13DB9C}.Release|x64.Build.0 = Release|x64
		{19AF37B2-8458-4B07-9C98-84F30B13DB9C}.Release|x86.ActiveCfg = Release|Win32
		{19AF37B2-8458-4B07-9C98-84F30B13DB9C}.Release|x86.Build.0 = Release|Win32
		{539BCE8C-629D-4BD5-A8CD-3DCAE3A23F09}.Debug|x64.ActiveCfg = Debug|x64
		{539BCE8C-629D-4BD5-A8CD-3DCAE3A23F09}.Debug|x64.Build.0 = Debug|x64
		{539BCE8C-629D-4BD5-A8CD-3DCAE3A23F09}.Debug|x86.ActiveCfg = Debug|Win32
		{539BCE8C-629D-4BD5-A8CD-3DCAE3A23F09}.Debug|x86.Build.0 = Debug|Win32
		{539BCE8C-629D-4BD5-A8CD-3DCAE3A23F09}.Release|x64.ActiveCfg = Release|x64
		{539BCE8C-629D-4BD5-A8CD-3DCAE3A23F09}.Release|x64.Build.0 = Release|x64
		{539BCE8C-629D-4BD5-A8CD-3DCAE3A23F09}.Release|x86.ActiveCfg = Release|Win32
		{539BCE8C-629D-4BD5-A8CD-3DCAE3A23F09}.Release|x86.Build.0 = Release|Win32
		{63A8548B-9849-4266-8A31-F9E7EDE9B697}.Debug|x64.ActiveCfg = Debug|x64
		{63A8548B-9849-4266-8A31-F9E7EDE9B697}.Debug|x64.Build.0 = Debug|x64
		{63A8548B-9849-4266-8A31-F9E7EDE9B697}.Debug|x86.ActiveCfg = Debug|Win32
		{63A8548B-9849-4266-8A31-F9E7EDE9B697}.Debug|x86.Build.0 = Debug|Win32
		{63A8548B-9849-4266-8A31-F9E7EDE9B697}.Release|x64.ActiveCfg = Release|x64
		{63A8548B-9849-4266-8A31-F9E7EDE9B697}.Release|x64.Build.0 = Release|x64
		{63A8548B-9849-4266-8A31-F9E7EDE9B697}.Release|x86.ActiveCfg = Release|Win32
		{63A8548B-9849-4266-8A31-F9E7EDE9B697}.Release|x86.Build.0 = Release|Win32
		{39D1FA2A-1060-4AA9-8270-88B57E3090F2}.Debug|x64.ActiveCfg = Debug|x64
		{39D1FA2A-1060-4AA9-8270-88B57E3090F2}.Debug|x64.Build.0 = Debug|x64
		{39D1FA2A-1060-4AA9-8270-88B57E3090F2}.Debug|x86.ActiveCfg = Debug|Win32
		{39D1FA2A-1060-4AA9-8270-88B57E3090F2}.Debug|x86.Build.0 = Debug|Win32
		{39D1FA2A-1060-4AA9-8270-88B57E3090F2}.Release|x64.ActiveCfg = Release|x64
		{39D1FA2A-1060-4AA9-8270-88B57E3090F2}.Release|x64.Build.0 = Release|x64
		{39D1FA2A-1060-4AA9-8270-88B57E3090F2}.Release|x86.ActiveCfg = Release|Win32
		{39D1FA2A-1060-4AA9-8270-88B57E3090F2}.Release|x86.Build.0 = Release|Win32
	EndGlobalSection
	GlobalSection(SolutionProperties) = preSolution
		HideSolutionNode = FALSE
	EndGlobalSection
	GlobalSection(ExtensibilityGlobals) = postSolution
		SolutionGuid = {1C36F278-6DFD-4850-9891-0F0302863973}
	EndGlobalSection
EndGlobal
